PODS:
  - Alamofire (4.2.0)
  - Mixpanel-swift (2.1.1)

DEPENDENCIES:
  - Alamofire (~> 4.0)
  - Mixpanel-swift

SPEC CHECKSUMS:
  Alamofire: aa2e09d871c9160ac53c90e83c68064a94e3dfbe
  Mixpanel-swift: 49966d4beec714aee3a026d39085b62b26eca081

PODFILE CHECKSUM: 7361062df103ec9434ec751a0ef58e733d3b1f47

COCOAPODS: 1.1.1
