PODS:
  - Alamofire (4.4.0)
  - Charts (3.0.2):
    - Charts/Core (= 3.0.2)
  - Charts/Core (3.0.2)
  - Mixpanel-swift (2.1.5)

DEPENDENCIES:
  - Alamofire (~> 4.0)
  - Charts
  - Mixpanel-swift

SPEC CHECKSUMS:
  Alamofire: dc44b1600b800eb63da6a19039a0083d62a6a62d
  Charts: 236d6ccdd0ce6feae151d89e829a7397381a21fd
  Mixpanel-swift: bcf863981f72c3bb2a51549292da61f13043d944

PODFILE CHECKSUM: 4f56436b20abe2ad91e4906a3fd6075990d780c2

COCOAPODS: 1.1.1
