// !$*UTF8*$!
{
	archiveVersion = 1;
	classes = {
	};
	objectVersion = 46;
	objects = {

/* Begin PBXBuildFile section */
		58C5B1E7F29689396E9A8B6D /* Pods_simitracking.framework in Frameworks */ = {isa = PBXBuildFile; fileRef = 575E7A64566583007681A6A4 /* Pods_simitracking.framework */; };
		7F0301051DD0224500417072 /* login_password.png in Resources */ = {isa = PBXBuildFile; fileRef = 7F0301041DD0224500417072 /* login_password.png */; };
		7F03010B1DD0696100417072 /* loading_icon.png in Resources */ = {isa = PBXBuildFile; fileRef = 7F03010A1DD0696100417072 /* loading_icon.png */; };
		7F03010D1DD0710200417072 /* SimiNetworkManager.swift in Sources */ = {isa = PBXBuildFile; fileRef = 7F03010C1DD0710200417072 /* SimiNetworkManager.swift */; };
		7F04C7B91DEF0E43009BCB25 /* BestsellerAPI.swift in Sources */ = {isa = PBXBuildFile; fileRef = 7F04C7B81DEF0E43009BCB25 /* BestsellerAPI.swift */; };
		7F04C7C21DEF0EE2009BCB25 /* BestsellerModelCollection.swift in Sources */ = {isa = PBXBuildFile; fileRef = 7F04C7C11DEF0EE2009BCB25 /* BestsellerModelCollection.swift */; };
		7F070FBE1DF5520F00A43B3F /* edit_ic.png in Resources */ = {isa = PBXBuildFile; fileRef = 7F070FBD1DF5520F00A43B3F /* edit_ic.png */; };
		7F15BCA21DF263C70091FDF5 /* STBestsellersViewController.swift in Sources */ = {isa = PBXBuildFile; fileRef = 7F15BCA11DF263C70091FDF5 /* STBestsellersViewController.swift */; };
		7F15E3C11DCDBBD300BB082D /* AppDelegate.swift in Sources */ = {isa = PBXBuildFile; fileRef = 7F15E3C01DCDBBD300BB082D /* AppDelegate.swift */; };
		7F15E3C81DCDBBD300BB082D /* Assets.xcassets in Resources */ = {isa = PBXBuildFile; fileRef = 7F15E3C71DCDBBD300BB082D /* Assets.xcassets */; };
		7F15E3CB1DCDBBD300BB082D /* Launchscreen.storyboard in Resources */ = {isa = PBXBuildFile; fileRef = 7F15E3C91DCDBBD300BB082D /* Launchscreen.storyboard */; };
		7F15E4841DCDC62B00BB082D /* SimiViewController.swift in Sources */ = {isa = PBXBuildFile; fileRef = 7F15E4831DCDC62B00BB082D /* SimiViewController.swift */; };
		7F15E48F1DCDCC7E00BB082D /* STDashboardViewController.swift in Sources */ = {isa = PBXBuildFile; fileRef = 7F15E48D1DCDCC7E00BB082D /* STDashboardViewController.swift */; };
		7F15E4911DCDCD2B00BB082D /* SimiNavigationController.swift in Sources */ = {isa = PBXBuildFile; fileRef = 7F15E4901DCDCD2B00BB082D /* SimiNavigationController.swift */; };
		7F17E78E1DDB5E2C00D25899 /* triangle_icon.png in Resources */ = {isa = PBXBuildFile; fileRef = 7F17E78D1DDB5E2C00D25899 /* triangle_icon.png */; };
		7F17E7901DDB61DD00D25899 /* StoreviewFilterViewController.swift in Sources */ = {isa = PBXBuildFile; fileRef = 7F17E78F1DDB61DD00D25899 /* StoreviewFilterViewController.swift */; };
		7F17E7921DDB637A00D25899 /* StoreModelCollection.swift in Sources */ = {isa = PBXBuildFile; fileRef = 7F17E7911DDB637A00D25899 /* StoreModelCollection.swift */; };
		7F17E7941DDB66CF00D25899 /* StoreAPI.swift in Sources */ = {isa = PBXBuildFile; fileRef = 7F17E7931DDB66CF00D25899 /* StoreAPI.swift */; };
		7F1CFC341DCF8AAD0060AF8A /* login_logo.png in Resources */ = {isa = PBXBuildFile; fileRef = 7F1CFC331DCF8AAD0060AF8A /* login_logo.png */; };
		7F1CFC391DCF959A0060AF8A /* login_url.png in Resources */ = {isa = PBXBuildFile; fileRef = 7F1CFC361DCF959A0060AF8A /* login_url.png */; };
		7F1CFC3A1DCF959A0060AF8A /* login_user.png in Resources */ = {isa = PBXBuildFile; fileRef = 7F1CFC371DCF959A0060AF8A /* login_user.png */; };
		7F23B2FA1DF67A5400B1FC0A /* STQRScannerViewController.swift in Sources */ = {isa = PBXBuildFile; fileRef = 7F23B2F91DF67A5400B1FC0A /* STQRScannerViewController.swift */; };
		7F23B3031DF6957400B1FC0A /* qr_ic.png in Resources */ = {isa = PBXBuildFile; fileRef = 7F23B3021DF6957400B1FC0A /* qr_ic.png */; };
		7F26E8B01DEC1F91000B0332 /* SimiWebViewController.swift in Sources */ = {isa = PBXBuildFile; fileRef = 7F26E8AF1DEC1F91000B0332 /* SimiWebViewController.swift */; };
		7F2924221DD4E08B00FB3129 /* MainNavigationController.swift in Sources */ = {isa = PBXBuildFile; fileRef = 7F2924211DD4E08B00FB3129 /* MainNavigationController.swift */; };
		7F2924291DD4E5FF00FB3129 /* bestseller_icon.png in Resources */ = {isa = PBXBuildFile; fileRef = 7F2924231DD4E5FF00FB3129 /* bestseller_icon.png */; };
		7F29242A1DD4E5FF00FB3129 /* customer_icon.png in Resources */ = {isa = PBXBuildFile; fileRef = 7F2924241DD4E5FF00FB3129 /* customer_icon.png */; };
		7F29242B1DD4E5FF00FB3129 /* dashboard_icon.png in Resources */ = {isa = PBXBuildFile; fileRef = 7F2924251DD4E5FF00FB3129 /* dashboard_icon.png */; };
		7F29242C1DD4E5FF00FB3129 /* logout_icon.png in Resources */ = {isa = PBXBuildFile; fileRef = 7F2924261DD4E5FF00FB3129 /* logout_icon.png */; };
		7F29242D1DD4E5FF00FB3129 /* order_icon.png in Resources */ = {isa = PBXBuildFile; fileRef = 7F2924271DD4E5FF00FB3129 /* order_icon.png */; };
		7F29242E1DD4E5FF00FB3129 /* setting_icon.png in Resources */ = {isa = PBXBuildFile; fileRef = 7F2924281DD4E5FF00FB3129 /* setting_icon.png */; };
		7F2924301DD4E60800FB3129 /* menu_top_background.png in Resources */ = {isa = PBXBuildFile; fileRef = 7F29242F1DD4E60800FB3129 /* menu_top_background.png */; };
		7F2E2D231DDCB8E400F33903 /* icon_sort.png in Resources */ = {isa = PBXBuildFile; fileRef = 7F2E2D201DDCB8E400F33903 /* icon_sort.png */; };
		7F2E2D241DDCB8E400F33903 /* icon_status_filter.png in Resources */ = {isa = PBXBuildFile; fileRef = 7F2E2D211DDCB8E400F33903 /* icon_status_filter.png */; };
		7F2E2D251DDCB8E400F33903 /* icon_time.png in Resources */ = {isa = PBXBuildFile; fileRef = 7F2E2D221DDCB8E400F33903 /* icon_time.png */; };
		7F32BA381DD6295A00DFB728 /* SimiRow.swift in Sources */ = {isa = PBXBuildFile; fileRef = 7F32BA371DD6295A00DFB728 /* SimiRow.swift */; };
		7F32BA411DD629C600DFB728 /* SimiSection.swift in Sources */ = {isa = PBXBuildFile; fileRef = 7F32BA401DD629C600DFB728 /* SimiSection.swift */; };
		7F35D18F1DE0E37C004DDE0B /* STSearchViewController.swift in Sources */ = {isa = PBXBuildFile; fileRef = 7F35D18E1DE0E37C004DDE0B /* STSearchViewController.swift */; };
		7F38581C1DD5ADC600E77C49 /* default_avt.png in Resources */ = {isa = PBXBuildFile; fileRef = 7F38581B1DD5ADC600E77C49 /* default_avt.png */; };
		7F3859171DD5C95B00E77C49 /* MKAnnotationView+WebCache.m in Sources */ = {isa = PBXBuildFile; fileRef = 7F3858F61DD5C95B00E77C49 /* MKAnnotationView+WebCache.m */; };
		7F3859181DD5C95B00E77C49 /* NSData+ImageContentType.m in Sources */ = {isa = PBXBuildFile; fileRef = 7F3858F81DD5C95B00E77C49 /* NSData+ImageContentType.m */; };
		7F3859191DD5C95B00E77C49 /* SDImageCache.m in Sources */ = {isa = PBXBuildFile; fileRef = 7F3858FA1DD5C95B00E77C49 /* SDImageCache.m */; };
		7F38591A1DD5C95B00E77C49 /* SDWebImageCompat.m in Sources */ = {isa = PBXBuildFile; fileRef = 7F3858FD1DD5C95B00E77C49 /* SDWebImageCompat.m */; };
		7F38591B1DD5C95B00E77C49 /* SDWebImageDecoder.m in Sources */ = {isa = PBXBuildFile; fileRef = 7F3858FF1DD5C95B00E77C49 /* SDWebImageDecoder.m */; };
		7F38591C1DD5C95B00E77C49 /* SDWebImageDownloader.m in Sources */ = {isa = PBXBuildFile; fileRef = 7F3859011DD5C95B00E77C49 /* SDWebImageDownloader.m */; };
		7F38591D1DD5C95B00E77C49 /* SDWebImageDownloaderOperation.m in Sources */ = {isa = PBXBuildFile; fileRef = 7F3859031DD5C95B00E77C49 /* SDWebImageDownloaderOperation.m */; };
		7F38591E1DD5C95B00E77C49 /* SDWebImageManager.m in Sources */ = {isa = PBXBuildFile; fileRef = 7F3859051DD5C95B00E77C49 /* SDWebImageManager.m */; };
		7F38591F1DD5C95B00E77C49 /* SDWebImagePrefetcher.m in Sources */ = {isa = PBXBuildFile; fileRef = 7F3859081DD5C95B00E77C49 /* SDWebImagePrefetcher.m */; };
		7F3859201DD5C95B00E77C49 /* UIButton+WebCache.m in Sources */ = {isa = PBXBuildFile; fileRef = 7F38590A1DD5C95B00E77C49 /* UIButton+WebCache.m */; };
		7F3859211DD5C95B00E77C49 /* UIImage+GIF.m in Sources */ = {isa = PBXBuildFile; fileRef = 7F38590C1DD5C95B00E77C49 /* UIImage+GIF.m */; };
		7F3859221DD5C95B00E77C49 /* UIImage+MultiFormat.m in Sources */ = {isa = PBXBuildFile; fileRef = 7F38590E1DD5C95B00E77C49 /* UIImage+MultiFormat.m */; };
		7F3859231DD5C95B00E77C49 /* UIImage+WebP.m in Sources */ = {isa = PBXBuildFile; fileRef = 7F3859101DD5C95B00E77C49 /* UIImage+WebP.m */; };
		7F3859241DD5C95B00E77C49 /* UIImageView+HighlightedWebCache.m in Sources */ = {isa = PBXBuildFile; fileRef = 7F3859121DD5C95B00E77C49 /* UIImageView+HighlightedWebCache.m */; };
		7F3859251DD5C95B00E77C49 /* UIImageView+WebCache.m in Sources */ = {isa = PBXBuildFile; fileRef = 7F3859141DD5C95B00E77C49 /* UIImageView+WebCache.m */; };
		7F3859261DD5C95B00E77C49 /* UIView+WebCacheOperation.m in Sources */ = {isa = PBXBuildFile; fileRef = 7F3859161DD5C95B00E77C49 /* UIView+WebCacheOperation.m */; };
		7F3E635F1DEFDCD9001DF876 /* SalesAPI.swift in Sources */ = {isa = PBXBuildFile; fileRef = 7F3E635E1DEFDCD9001DF876 /* SalesAPI.swift */; };
		7F3E63611DEFDD54001DF876 /* SaleModel.swift in Sources */ = {isa = PBXBuildFile; fileRef = 7F3E63601DEFDD54001DF876 /* SaleModel.swift */; };
		7F48A22A1DDABB0E0038358A /* OrderAPI.swift in Sources */ = {isa = PBXBuildFile; fileRef = 7F48A2291DDABB0E0038358A /* OrderAPI.swift */; };
		7F48A2331DDB148E0038358A /* calendar_ic.png in Resources */ = {isa = PBXBuildFile; fileRef = 7F48A2321DDB148E0038358A /* calendar_ic.png */; };
		7F4FFB371DD16B7A00CC11FE /* ProductModel.swift in Sources */ = {isa = PBXBuildFile; fileRef = 7F4FFB361DD16B7A00CC11FE /* ProductModel.swift */; };
		7F4FFB391DD17B2900CC11FE /* SimiModel.swift in Sources */ = {isa = PBXBuildFile; fileRef = 7F4FFB381DD17B2900CC11FE /* SimiModel.swift */; };
		7F58B5131DCED4F200F6EC5E /* STLoginViewController.swift in Sources */ = {isa = PBXBuildFile; fileRef = 7F58B5121DCED4F200F6EC5E /* STLoginViewController.swift */; };
		7F5B40621DE3FB4E008E8495 /* ic_next_page.png in Resources */ = {isa = PBXBuildFile; fileRef = 7F5B40601DE3FB4E008E8495 /* ic_next_page.png */; };
		7F5B40631DE3FB4E008E8495 /* ic_previous_page.png in Resources */ = {isa = PBXBuildFile; fileRef = 7F5B40611DE3FB4E008E8495 /* ic_previous_page.png */; };
		7F60E8841DEC7B7200A9AF3A /* STSettingViewController.swift in Sources */ = {isa = PBXBuildFile; fileRef = 7F60E8831DEC7B7200A9AF3A /* STSettingViewController.swift */; };
		7F60E88D1DEC820700A9AF3A /* STSettingCell.swift in Sources */ = {isa = PBXBuildFile; fileRef = 7F60E88C1DEC820700A9AF3A /* STSettingCell.swift */; };
		7F60E88F1DEC99B600A9AF3A /* SimiDataLocal.swift in Sources */ = {isa = PBXBuildFile; fileRef = 7F60E88E1DEC99B600A9AF3A /* SimiDataLocal.swift */; };
		7F60E8911DEC9B6300A9AF3A /* STUserData.swift in Sources */ = {isa = PBXBuildFile; fileRef = 7F60E8901DEC9B6300A9AF3A /* STUserData.swift */; };
		7F61B4D61DD0F0F500C290AF /* SimiAPI.swift in Sources */ = {isa = PBXBuildFile; fileRef = 7F61B4D51DD0F0F500C290AF /* SimiAPI.swift */; };
		7F626F611DD7875200422CCC /* STLeftMenuCell.swift in Sources */ = {isa = PBXBuildFile; fileRef = 7F626F601DD7875200422CCC /* STLeftMenuCell.swift */; };
		7F68BCAC1DE2036900F4F88A /* CustomerModel.swift in Sources */ = {isa = PBXBuildFile; fileRef = 7F68BCAB1DE2036900F4F88A /* CustomerModel.swift */; };
		7F68C04E1DD18C8500BC99BB /* StaffModel.swift in Sources */ = {isa = PBXBuildFile; fileRef = 7F68C04D1DD18C8500BC99BB /* StaffModel.swift */; };
		7F68C0501DD1AC9E00BC99BB /* StaffAPI.swift in Sources */ = {isa = PBXBuildFile; fileRef = 7F68C04F1DD1AC9E00BC99BB /* StaffAPI.swift */; };
		7F68C0521DD1AF2100BC99BB /* SimiResponder.swift in Sources */ = {isa = PBXBuildFile; fileRef = 7F68C0511DD1AF2100BC99BB /* SimiResponder.swift */; };
		7F751CB41DF95ED400AA06AA /* LicenseAPI.swift in Sources */ = {isa = PBXBuildFile; fileRef = 7F751CB31DF95ED400AA06AA /* LicenseAPI.swift */; };
		7F751CBD1DF95FB800AA06AA /* LicenseModel.swift in Sources */ = {isa = PBXBuildFile; fileRef = 7F751CBC1DF95FB800AA06AA /* LicenseModel.swift */; };
		7F8871D41DE528F100DCE4F9 /* refresh_icon.png in Resources */ = {isa = PBXBuildFile; fileRef = 7F8871D31DE528F100DCE4F9 /* refresh_icon.png */; };
		7F8871DD1DE57AC300DCE4F9 /* AbandonedCartModel.swift in Sources */ = {isa = PBXBuildFile; fileRef = 7F8871DC1DE57AC300DCE4F9 /* AbandonedCartModel.swift */; };
		7F8871DF1DE57ADD00DCE4F9 /* AbandonedCartModelCollection.swift in Sources */ = {isa = PBXBuildFile; fileRef = 7F8871DE1DE57ADD00DCE4F9 /* AbandonedCartModelCollection.swift */; };
		7F8871E11DE57B0200DCE4F9 /* AbandonedCartAPI.swift in Sources */ = {isa = PBXBuildFile; fileRef = 7F8871E01DE57B0200DCE4F9 /* AbandonedCartAPI.swift */; };
		7F8871E31DE57C8400DCE4F9 /* STAbandonedCartListViewController.swift in Sources */ = {isa = PBXBuildFile; fileRef = 7F8871E21DE57C8400DCE4F9 /* STAbandonedCartListViewController.swift */; };
		7F8FBE581DE0D14B00A2B2BA /* ic_search.png in Resources */ = {isa = PBXBuildFile; fileRef = 7F8FBE571DE0D14B00A2B2BA /* ic_search.png */; };
		7F90C4A31DD6BDF500D29525 /* abandoned_cart_icon.png in Resources */ = {isa = PBXBuildFile; fileRef = 7F90C4A11DD6BDF500D29525 /* abandoned_cart_icon.png */; };
		7F90C4A41DD6BDF500D29525 /* product_icon.png in Resources */ = {isa = PBXBuildFile; fileRef = 7F90C4A21DD6BDF500D29525 /* product_icon.png */; };
		7F90C4AD1DD6E12C00D29525 /* SimiImageView.swift in Sources */ = {isa = PBXBuildFile; fileRef = 7F90C4AC1DD6E12C00D29525 /* SimiImageView.swift */; };
		7F93D2ED1DE001C200C3BDC9 /* STProductListViewController.swift in Sources */ = {isa = PBXBuildFile; fileRef = 7F93D2EC1DE001C200C3BDC9 /* STProductListViewController.swift */; };
		7F93D2F61DE0064100C3BDC9 /* back_btn_icon.png in Resources */ = {isa = PBXBuildFile; fileRef = 7F93D2F51DE0064100C3BDC9 /* back_btn_icon.png */; };
		7F93D2F91DE00E6B00C3BDC9 /* STCustomerListViewController.swift in Sources */ = {isa = PBXBuildFile; fileRef = 7F93D2F81DE00E6B00C3BDC9 /* STCustomerListViewController.swift */; };
		7F93D3021DE0141300C3BDC9 /* CustomerModelCollection.swift in Sources */ = {isa = PBXBuildFile; fileRef = 7F93D3011DE0141300C3BDC9 /* CustomerModelCollection.swift */; };
		7F93D3041DE0144E00C3BDC9 /* CustomerAPI.swift in Sources */ = {isa = PBXBuildFile; fileRef = 7F93D3031DE0144E00C3BDC9 /* CustomerAPI.swift */; };
		7FA06B231DE6D41900BF834F /* STAbandonedCartDetailViewController.swift in Sources */ = {isa = PBXBuildFile; fileRef = 7FA06B221DE6D41900BF834F /* STAbandonedCartDetailViewController.swift */; };
		7FBCDB471DDDA46100BDE9D5 /* OrderModel.swift in Sources */ = {isa = PBXBuildFile; fileRef = 7FBCDB461DDDA46100BDE9D5 /* OrderModel.swift */; };
		7FBCDB501DDDA48F00BDE9D5 /* STOrderDetailViewController.swift in Sources */ = {isa = PBXBuildFile; fileRef = 7FBCDB4F1DDDA48F00BDE9D5 /* STOrderDetailViewController.swift */; };
		7FCCF42F1DE2817C000634A6 /* SimiTableViewCell.swift in Sources */ = {isa = PBXBuildFile; fileRef = 7FCCF42E1DE2817C000634A6 /* SimiTableViewCell.swift */; };
		7FCCF4381DE290C2000634A6 /* STAddressTableViewCell.swift in Sources */ = {isa = PBXBuildFile; fileRef = 7FCCF4371DE290C2000634A6 /* STAddressTableViewCell.swift */; };
		7FCCF43A1DE2FC06000634A6 /* STAddressListViewController.swift in Sources */ = {isa = PBXBuildFile; fileRef = 7FCCF4391DE2FC06000634A6 /* STAddressListViewController.swift */; };
		7FCCF43C1DE2FC62000634A6 /* AddressModelCollection.swift in Sources */ = {isa = PBXBuildFile; fileRef = 7FCCF43B1DE2FC62000634A6 /* AddressModelCollection.swift */; };
		7FCCF43E1DE2FC96000634A6 /* AddressAPI.swift in Sources */ = {isa = PBXBuildFile; fileRef = 7FCCF43D1DE2FC96000634A6 /* AddressAPI.swift */; };
		7FD36E7F1DE82E100023D938 /* STProductDetailViewController.swift in Sources */ = {isa = PBXBuildFile; fileRef = 7FD36E7E1DE82E100023D938 /* STProductDetailViewController.swift */; };
		7FD36E811DE8353C0023D938 /* ProductModelCollection.swift in Sources */ = {isa = PBXBuildFile; fileRef = 7FD36E801DE8353C0023D938 /* ProductModelCollection.swift */; };
		7FD36E831DE836150023D938 /* ProductAPI.swift in Sources */ = {isa = PBXBuildFile; fileRef = 7FD36E821DE836150023D938 /* ProductAPI.swift */; };
		7FE4E0571DCDE502003985BE /* SimiGlobalVar.swift in Sources */ = {isa = PBXBuildFile; fileRef = 7FE4E0561DCDE502003985BE /* SimiGlobalVar.swift */; };
		7FE4E0591DCE3F5F003985BE /* SimiView.swift in Sources */ = {isa = PBXBuildFile; fileRef = 7FE4E0581DCE3F5F003985BE /* SimiView.swift */; };
		7FE4E05B1DCE3F77003985BE /* SimiButton.swift in Sources */ = {isa = PBXBuildFile; fileRef = 7FE4E05A1DCE3F77003985BE /* SimiButton.swift */; };
		7FE4E05D1DCE3F93003985BE /* SimiTableView.swift in Sources */ = {isa = PBXBuildFile; fileRef = 7FE4E05C1DCE3F93003985BE /* SimiTableView.swift */; };
		7FE4E0601DCE41D5003985BE /* menu_icon.png in Resources */ = {isa = PBXBuildFile; fileRef = 7FE4E05F1DCE41D5003985BE /* menu_icon.png */; };
		7FE4E0701DCE501B003985BE /* STLeftMenuViewController.swift in Sources */ = {isa = PBXBuildFile; fileRef = 7FE4E06F1DCE501B003985BE /* STLeftMenuViewController.swift */; };
		7FE4E0741DCE50EC003985BE /* SimiLabel.swift in Sources */ = {isa = PBXBuildFile; fileRef = 7FE4E0731DCE50EC003985BE /* SimiLabel.swift */; };
		7FE4E07F1DCE52F6003985BE /* MMDrawerBarButtonItem.m in Sources */ = {isa = PBXBuildFile; fileRef = 7FE4E0771DCE52F6003985BE /* MMDrawerBarButtonItem.m */; };
		7FE4E0801DCE52F6003985BE /* MMDrawerController.m in Sources */ = {isa = PBXBuildFile; fileRef = 7FE4E0791DCE52F6003985BE /* MMDrawerController.m */; };
		7FE4E0811DCE52F6003985BE /* MMDrawerVisualState.m in Sources */ = {isa = PBXBuildFile; fileRef = 7FE4E07C1DCE52F6003985BE /* MMDrawerVisualState.m */; };
		7FE4E0821DCE52F6003985BE /* UIViewController+MMDrawerController.m in Sources */ = {isa = PBXBuildFile; fileRef = 7FE4E07E1DCE52F6003985BE /* UIViewController+MMDrawerController.m */; };
		7FE839E91DE15010000399AA /* STCustomerDetailViewController.swift in Sources */ = {isa = PBXBuildFile; fileRef = 7FE839E81DE15010000399AA /* STCustomerDetailViewController.swift */; };
		7FFA9F3E1DD9ABEF009CC6BE /* STOrderListViewController.swift in Sources */ = {isa = PBXBuildFile; fileRef = 7FFA9F3D1DD9ABEF009CC6BE /* STOrderListViewController.swift */; };
		7FFA9F471DD9B9FB009CC6BE /* SimiModelCollection.swift in Sources */ = {isa = PBXBuildFile; fileRef = 7FFA9F461DD9B9FB009CC6BE /* SimiModelCollection.swift */; };
		7FFA9F491DD9BBDC009CC6BE /* OrderModelCollection.swift in Sources */ = {isa = PBXBuildFile; fileRef = 7FFA9F481DD9BBDC009CC6BE /* OrderModelCollection.swift */; };
		E532B16F1E23674000EC6B8B /* SimiTextView.swift in Sources */ = {isa = PBXBuildFile; fileRef = E532B16E1E23674000EC6B8B /* SimiTextView.swift */; };
		E532B1711E23675700EC6B8B /* SimiTextField.swift in Sources */ = {isa = PBXBuildFile; fileRef = E532B1701E23675700EC6B8B /* SimiTextField.swift */; };
		E547EFC01E2F255A000E64AA /* ForecastSaleModel.swift in Sources */ = {isa = PBXBuildFile; fileRef = E547EFBF1E2F255A000E64AA /* ForecastSaleModel.swift */; };
		E547EFC21E2F2600000E64AA /* ForecastSaleAPI.swift in Sources */ = {isa = PBXBuildFile; fileRef = E547EFC11E2F2600000E64AA /* ForecastSaleAPI.swift */; };
		E572FA8E1EA5F4D100510A02 /* AuthorizeModel.swift in Sources */ = {isa = PBXBuildFile; fileRef = E572FA8D1EA5F4D100510A02 /* AuthorizeModel.swift */; };
		E572FA901EA5F4E300510A02 /* AuthorizeAPI.swift in Sources */ = {isa = PBXBuildFile; fileRef = E572FA8F1EA5F4E300510A02 /* AuthorizeAPI.swift */; };
		E594F06D1E2E1563008FC4A2 /* ic_forecast.png in Resources */ = {isa = PBXBuildFile; fileRef = E594F06C1E2E1563008FC4A2 /* ic_forecast.png */; };
		E594F06F1E2E162E008FC4A2 /* STForecastViewController.swift in Sources */ = {isa = PBXBuildFile; fileRef = E594F06E1E2E162E008FC4A2 /* STForecastViewController.swift */; };
		E5ACE5711E2640C100385FAD /* SimiTable.swift in Sources */ = {isa = PBXBuildFile; fileRef = E5ACE5701E2640C100385FAD /* SimiTable.swift */; };
		E5ACE5731E26474600385FAD /* SimiFormatter.swift in Sources */ = {isa = PBXBuildFile; fileRef = E5ACE5721E26474600385FAD /* SimiFormatter.swift */; };
		E5BA6E911E2487A30037CB85 /* ic_tick.png in Resources */ = {isa = PBXBuildFile; fileRef = E5BA6E901E2487A30037CB85 /* ic_tick.png */; };
		E5BA6E931E2487BE0037CB85 /* ic_edit.png in Resources */ = {isa = PBXBuildFile; fileRef = E5BA6E921E2487BE0037CB85 /* ic_edit.png */; };
/* End PBXBuildFile section */

/* Begin PBXCopyFilesBuildPhase section */
		7F61B48A1DD0D7B400C290AF /* Embed Frameworks */ = {
			isa = PBXCopyFilesBuildPhase;
			buildActionMask = 2147483647;
			dstPath = "";
			dstSubfolderSpec = 10;
			files = (
			);
			name = "Embed Frameworks";
			runOnlyForDeploymentPostprocessing = 0;
		};
/* End PBXCopyFilesBuildPhase section */

/* Begin PBXFileReference section */
		0C85D1001E10F08E00B87621 /* SimiTracking.entitlements */ = {isa = PBXFileReference; lastKnownFileType = text.plist.entitlements; path = SimiTracking.entitlements; sourceTree = "<group>"; };
		575E7A64566583007681A6A4 /* Pods_simitracking.framework */ = {isa = PBXFileReference; explicitFileType = wrapper.framework; includeInIndex = 0; path = Pods_simitracking.framework; sourceTree = BUILT_PRODUCTS_DIR; };
		7F0301041DD0224500417072 /* login_password.png */ = {isa = PBXFileReference; lastKnownFileType = image.png; path = login_password.png; sourceTree = "<group>"; };
		7F03010A1DD0696100417072 /* loading_icon.png */ = {isa = PBXFileReference; lastKnownFileType = image.png; path = loading_icon.png; sourceTree = "<group>"; };
		7F03010C1DD0710200417072 /* SimiNetworkManager.swift */ = {isa = PBXFileReference; fileEncoding = 4; lastKnownFileType = sourcecode.swift; path = SimiNetworkManager.swift; sourceTree = "<group>"; };
		7F04C7B81DEF0E43009BCB25 /* BestsellerAPI.swift */ = {isa = PBXFileReference; fileEncoding = 4; lastKnownFileType = sourcecode.swift; path = BestsellerAPI.swift; sourceTree = "<group>"; };
		7F04C7C11DEF0EE2009BCB25 /* BestsellerModelCollection.swift */ = {isa = PBXFileReference; fileEncoding = 4; lastKnownFileType = sourcecode.swift; path = BestsellerModelCollection.swift; sourceTree = "<group>"; };
		7F070FBD1DF5520F00A43B3F /* edit_ic.png */ = {isa = PBXFileReference; lastKnownFileType = image.png; path = edit_ic.png; sourceTree = "<group>"; };
		7F15BCA11DF263C70091FDF5 /* STBestsellersViewController.swift */ = {isa = PBXFileReference; fileEncoding = 4; lastKnownFileType = sourcecode.swift; path = STBestsellersViewController.swift; sourceTree = "<group>"; };
		7F15E3BD1DCDBBD300BB082D /* SimiTracking.app */ = {isa = PBXFileReference; explicitFileType = wrapper.application; includeInIndex = 0; path = SimiTracking.app; sourceTree = BUILT_PRODUCTS_DIR; };
		7F15E3C01DCDBBD300BB082D /* AppDelegate.swift */ = {isa = PBXFileReference; lastKnownFileType = sourcecode.swift; path = AppDelegate.swift; sourceTree = "<group>"; };
		7F15E3C71DCDBBD300BB082D /* Assets.xcassets */ = {isa = PBXFileReference; lastKnownFileType = folder.assetcatalog; path = Assets.xcassets; sourceTree = "<group>"; };
		7F15E3CA1DCDBBD300BB082D /* Base */ = {isa = PBXFileReference; lastKnownFileType = file.storyboard; name = Base; path = Base.lproj/Launchscreen.storyboard; sourceTree = "<group>"; };
		7F15E3CC1DCDBBD300BB082D /* Info.plist */ = {isa = PBXFileReference; lastKnownFileType = text.plist.xml; path = Info.plist; sourceTree = "<group>"; };
		7F15E4831DCDC62B00BB082D /* SimiViewController.swift */ = {isa = PBXFileReference; fileEncoding = 4; lastKnownFileType = sourcecode.swift; path = SimiViewController.swift; sourceTree = "<group>"; };
		7F15E48D1DCDCC7E00BB082D /* STDashboardViewController.swift */ = {isa = PBXFileReference; fileEncoding = 4; lastKnownFileType = sourcecode.swift; path = STDashboardViewController.swift; sourceTree = "<group>"; };
		7F15E4901DCDCD2B00BB082D /* SimiNavigationController.swift */ = {isa = PBXFileReference; fileEncoding = 4; lastKnownFileType = sourcecode.swift; path = SimiNavigationController.swift; sourceTree = "<group>"; };
		7F17E78D1DDB5E2C00D25899 /* triangle_icon.png */ = {isa = PBXFileReference; lastKnownFileType = image.png; path = triangle_icon.png; sourceTree = "<group>"; };
		7F17E78F1DDB61DD00D25899 /* StoreviewFilterViewController.swift */ = {isa = PBXFileReference; fileEncoding = 4; lastKnownFileType = sourcecode.swift; path = StoreviewFilterViewController.swift; sourceTree = "<group>"; };
		7F17E7911DDB637A00D25899 /* StoreModelCollection.swift */ = {isa = PBXFileReference; fileEncoding = 4; lastKnownFileType = sourcecode.swift; path = StoreModelCollection.swift; sourceTree = "<group>"; };
		7F17E7931DDB66CF00D25899 /* StoreAPI.swift */ = {isa = PBXFileReference; fileEncoding = 4; lastKnownFileType = sourcecode.swift; path = StoreAPI.swift; sourceTree = "<group>"; };
		7F1CFC331DCF8AAD0060AF8A /* login_logo.png */ = {isa = PBXFileReference; lastKnownFileType = image.png; path = login_logo.png; sourceTree = "<group>"; };
		7F1CFC361DCF959A0060AF8A /* login_url.png */ = {isa = PBXFileReference; lastKnownFileType = image.png; path = login_url.png; sourceTree = "<group>"; };
		7F1CFC371DCF959A0060AF8A /* login_user.png */ = {isa = PBXFileReference; lastKnownFileType = image.png; path = login_user.png; sourceTree = "<group>"; };
		7F23B2F91DF67A5400B1FC0A /* STQRScannerViewController.swift */ = {isa = PBXFileReference; fileEncoding = 4; lastKnownFileType = sourcecode.swift; path = STQRScannerViewController.swift; sourceTree = "<group>"; };
		7F23B3021DF6957400B1FC0A /* qr_ic.png */ = {isa = PBXFileReference; lastKnownFileType = image.png; path = qr_ic.png; sourceTree = "<group>"; };
		7F26E8AF1DEC1F91000B0332 /* SimiWebViewController.swift */ = {isa = PBXFileReference; fileEncoding = 4; lastKnownFileType = sourcecode.swift; path = SimiWebViewController.swift; sourceTree = "<group>"; };
		7F2924211DD4E08B00FB3129 /* MainNavigationController.swift */ = {isa = PBXFileReference; fileEncoding = 4; lastKnownFileType = sourcecode.swift; path = MainNavigationController.swift; sourceTree = "<group>"; };
		7F2924231DD4E5FF00FB3129 /* bestseller_icon.png */ = {isa = PBXFileReference; lastKnownFileType = image.png; path = bestseller_icon.png; sourceTree = "<group>"; };
		7F2924241DD4E5FF00FB3129 /* customer_icon.png */ = {isa = PBXFileReference; lastKnownFileType = image.png; path = customer_icon.png; sourceTree = "<group>"; };
		7F2924251DD4E5FF00FB3129 /* dashboard_icon.png */ = {isa = PBXFileReference; lastKnownFileType = image.png; path = dashboard_icon.png; sourceTree = "<group>"; };
		7F2924261DD4E5FF00FB3129 /* logout_icon.png */ = {isa = PBXFileReference; lastKnownFileType = image.png; path = logout_icon.png; sourceTree = "<group>"; };
		7F2924271DD4E5FF00FB3129 /* order_icon.png */ = {isa = PBXFileReference; lastKnownFileType = image.png; path = order_icon.png; sourceTree = "<group>"; };
		7F2924281DD4E5FF00FB3129 /* setting_icon.png */ = {isa = PBXFileReference; lastKnownFileType = image.png; path = setting_icon.png; sourceTree = "<group>"; };
		7F29242F1DD4E60800FB3129 /* menu_top_background.png */ = {isa = PBXFileReference; lastKnownFileType = image.png; path = menu_top_background.png; sourceTree = "<group>"; };
		7F2E2D201DDCB8E400F33903 /* icon_sort.png */ = {isa = PBXFileReference; lastKnownFileType = image.png; path = icon_sort.png; sourceTree = "<group>"; };
		7F2E2D211DDCB8E400F33903 /* icon_status_filter.png */ = {isa = PBXFileReference; lastKnownFileType = image.png; path = icon_status_filter.png; sourceTree = "<group>"; };
		7F2E2D221DDCB8E400F33903 /* icon_time.png */ = {isa = PBXFileReference; lastKnownFileType = image.png; path = icon_time.png; sourceTree = "<group>"; };
		7F32BA371DD6295A00DFB728 /* SimiRow.swift */ = {isa = PBXFileReference; fileEncoding = 4; lastKnownFileType = sourcecode.swift; path = SimiRow.swift; sourceTree = "<group>"; };
		7F32BA401DD629C600DFB728 /* SimiSection.swift */ = {isa = PBXFileReference; fileEncoding = 4; lastKnownFileType = sourcecode.swift; path = SimiSection.swift; sourceTree = "<group>"; };
		7F35D18E1DE0E37C004DDE0B /* STSearchViewController.swift */ = {isa = PBXFileReference; fileEncoding = 4; lastKnownFileType = sourcecode.swift; path = STSearchViewController.swift; sourceTree = "<group>"; };
		7F38581B1DD5ADC600E77C49 /* default_avt.png */ = {isa = PBXFileReference; lastKnownFileType = image.png; path = default_avt.png; sourceTree = "<group>"; };
		7F3858761DD5BF2200E77C49 /* simitracking-Bridging-Header.h */ = {isa = PBXFileReference; lastKnownFileType = sourcecode.c.h; path = "simitracking-Bridging-Header.h"; sourceTree = "<group>"; };
		7F3858F51DD5C95B00E77C49 /* MKAnnotationView+WebCache.h */ = {isa = PBXFileReference; fileEncoding = 4; lastKnownFileType = sourcecode.c.h; path = "MKAnnotationView+WebCache.h"; sourceTree = "<group>"; };
		7F3858F61DD5C95B00E77C49 /* MKAnnotationView+WebCache.m */ = {isa = PBXFileReference; fileEncoding = 4; lastKnownFileType = sourcecode.c.objc; path = "MKAnnotationView+WebCache.m"; sourceTree = "<group>"; };
		7F3858F71DD5C95B00E77C49 /* NSData+ImageContentType.h */ = {isa = PBXFileReference; fileEncoding = 4; lastKnownFileType = sourcecode.c.h; path = "NSData+ImageContentType.h"; sourceTree = "<group>"; };
		7F3858F81DD5C95B00E77C49 /* NSData+ImageContentType.m */ = {isa = PBXFileReference; fileEncoding = 4; lastKnownFileType = sourcecode.c.objc; path = "NSData+ImageContentType.m"; sourceTree = "<group>"; };
		7F3858F91DD5C95B00E77C49 /* SDImageCache.h */ = {isa = PBXFileReference; fileEncoding = 4; lastKnownFileType = sourcecode.c.h; path = SDImageCache.h; sourceTree = "<group>"; };
		7F3858FA1DD5C95B00E77C49 /* SDImageCache.m */ = {isa = PBXFileReference; fileEncoding = 4; lastKnownFileType = sourcecode.c.objc; path = SDImageCache.m; sourceTree = "<group>"; };
		7F3858FC1DD5C95B00E77C49 /* SDWebImageCompat.h */ = {isa = PBXFileReference; fileEncoding = 4; lastKnownFileType = sourcecode.c.h; path = SDWebImageCompat.h; sourceTree = "<group>"; };
		7F3858FD1DD5C95B00E77C49 /* SDWebImageCompat.m */ = {isa = PBXFileReference; fileEncoding = 4; lastKnownFileType = sourcecode.c.objc; path = SDWebImageCompat.m; sourceTree = "<group>"; };
		7F3858FE1DD5C95B00E77C49 /* SDWebImageDecoder.h */ = {isa = PBXFileReference; fileEncoding = 4; lastKnownFileType = sourcecode.c.h; path = SDWebImageDecoder.h; sourceTree = "<group>"; };
		7F3858FF1DD5C95B00E77C49 /* SDWebImageDecoder.m */ = {isa = PBXFileReference; fileEncoding = 4; lastKnownFileType = sourcecode.c.objc; path = SDWebImageDecoder.m; sourceTree = "<group>"; };
		7F3859001DD5C95B00E77C49 /* SDWebImageDownloader.h */ = {isa = PBXFileReference; fileEncoding = 4; lastKnownFileType = sourcecode.c.h; path = SDWebImageDownloader.h; sourceTree = "<group>"; };
		7F3859011DD5C95B00E77C49 /* SDWebImageDownloader.m */ = {isa = PBXFileReference; fileEncoding = 4; lastKnownFileType = sourcecode.c.objc; path = SDWebImageDownloader.m; sourceTree = "<group>"; };
		7F3859021DD5C95B00E77C49 /* SDWebImageDownloaderOperation.h */ = {isa = PBXFileReference; fileEncoding = 4; lastKnownFileType = sourcecode.c.h; path = SDWebImageDownloaderOperation.h; sourceTree = "<group>"; };
		7F3859031DD5C95B00E77C49 /* SDWebImageDownloaderOperation.m */ = {isa = PBXFileReference; fileEncoding = 4; lastKnownFileType = sourcecode.c.objc; path = SDWebImageDownloaderOperation.m; sourceTree = "<group>"; };
		7F3859041DD5C95B00E77C49 /* SDWebImageManager.h */ = {isa = PBXFileReference; fileEncoding = 4; lastKnownFileType = sourcecode.c.h; path = SDWebImageManager.h; sourceTree = "<group>"; };
		7F3859051DD5C95B00E77C49 /* SDWebImageManager.m */ = {isa = PBXFileReference; fileEncoding = 4; lastKnownFileType = sourcecode.c.objc; path = SDWebImageManager.m; sourceTree = "<group>"; };
		7F3859061DD5C95B00E77C49 /* SDWebImageOperation.h */ = {isa = PBXFileReference; fileEncoding = 4; lastKnownFileType = sourcecode.c.h; path = SDWebImageOperation.h; sourceTree = "<group>"; };
		7F3859071DD5C95B00E77C49 /* SDWebImagePrefetcher.h */ = {isa = PBXFileReference; fileEncoding = 4; lastKnownFileType = sourcecode.c.h; path = SDWebImagePrefetcher.h; sourceTree = "<group>"; };
		7F3859081DD5C95B00E77C49 /* SDWebImagePrefetcher.m */ = {isa = PBXFileReference; fileEncoding = 4; lastKnownFileType = sourcecode.c.objc; path = SDWebImagePrefetcher.m; sourceTree = "<group>"; };
		7F3859091DD5C95B00E77C49 /* UIButton+WebCache.h */ = {isa = PBXFileReference; fileEncoding = 4; lastKnownFileType = sourcecode.c.h; path = "UIButton+WebCache.h"; sourceTree = "<group>"; };
		7F38590A1DD5C95B00E77C49 /* UIButton+WebCache.m */ = {isa = PBXFileReference; fileEncoding = 4; lastKnownFileType = sourcecode.c.objc; path = "UIButton+WebCache.m"; sourceTree = "<group>"; };
		7F38590B1DD5C95B00E77C49 /* UIImage+GIF.h */ = {isa = PBXFileReference; fileEncoding = 4; lastKnownFileType = sourcecode.c.h; path = "UIImage+GIF.h"; sourceTree = "<group>"; };
		7F38590C1DD5C95B00E77C49 /* UIImage+GIF.m */ = {isa = PBXFileReference; fileEncoding = 4; lastKnownFileType = sourcecode.c.objc; path = "UIImage+GIF.m"; sourceTree = "<group>"; };
		7F38590D1DD5C95B00E77C49 /* UIImage+MultiFormat.h */ = {isa = PBXFileReference; fileEncoding = 4; lastKnownFileType = sourcecode.c.h; path = "UIImage+MultiFormat.h"; sourceTree = "<group>"; };
		7F38590E1DD5C95B00E77C49 /* UIImage+MultiFormat.m */ = {isa = PBXFileReference; fileEncoding = 4; lastKnownFileType = sourcecode.c.objc; path = "UIImage+MultiFormat.m"; sourceTree = "<group>"; };
		7F38590F1DD5C95B00E77C49 /* UIImage+WebP.h */ = {isa = PBXFileReference; fileEncoding = 4; lastKnownFileType = sourcecode.c.h; path = "UIImage+WebP.h"; sourceTree = "<group>"; };
		7F3859101DD5C95B00E77C49 /* UIImage+WebP.m */ = {isa = PBXFileReference; fileEncoding = 4; lastKnownFileType = sourcecode.c.objc; path = "UIImage+WebP.m"; sourceTree = "<group>"; };
		7F3859111DD5C95B00E77C49 /* UIImageView+HighlightedWebCache.h */ = {isa = PBXFileReference; fileEncoding = 4; lastKnownFileType = sourcecode.c.h; path = "UIImageView+HighlightedWebCache.h"; sourceTree = "<group>"; };
		7F3859121DD5C95B00E77C49 /* UIImageView+HighlightedWebCache.m */ = {isa = PBXFileReference; fileEncoding = 4; lastKnownFileType = sourcecode.c.objc; path = "UIImageView+HighlightedWebCache.m"; sourceTree = "<group>"; };
		7F3859131DD5C95B00E77C49 /* UIImageView+WebCache.h */ = {isa = PBXFileReference; fileEncoding = 4; lastKnownFileType = sourcecode.c.h; path = "UIImageView+WebCache.h"; sourceTree = "<group>"; };
		7F3859141DD5C95B00E77C49 /* UIImageView+WebCache.m */ = {isa = PBXFileReference; fileEncoding = 4; lastKnownFileType = sourcecode.c.objc; path = "UIImageView+WebCache.m"; sourceTree = "<group>"; };
		7F3859151DD5C95B00E77C49 /* UIView+WebCacheOperation.h */ = {isa = PBXFileReference; fileEncoding = 4; lastKnownFileType = sourcecode.c.h; path = "UIView+WebCacheOperation.h"; sourceTree = "<group>"; };
		7F3859161DD5C95B00E77C49 /* UIView+WebCacheOperation.m */ = {isa = PBXFileReference; fileEncoding = 4; lastKnownFileType = sourcecode.c.objc; path = "UIView+WebCacheOperation.m"; sourceTree = "<group>"; };
		7F3E635E1DEFDCD9001DF876 /* SalesAPI.swift */ = {isa = PBXFileReference; fileEncoding = 4; lastKnownFileType = sourcecode.swift; path = SalesAPI.swift; sourceTree = "<group>"; };
		7F3E63601DEFDD54001DF876 /* SaleModel.swift */ = {isa = PBXFileReference; fileEncoding = 4; lastKnownFileType = sourcecode.swift; path = SaleModel.swift; sourceTree = "<group>"; };
		7F48A2291DDABB0E0038358A /* OrderAPI.swift */ = {isa = PBXFileReference; fileEncoding = 4; lastKnownFileType = sourcecode.swift; path = OrderAPI.swift; sourceTree = "<group>"; };
		7F48A2321DDB148E0038358A /* calendar_ic.png */ = {isa = PBXFileReference; lastKnownFileType = image.png; path = calendar_ic.png; sourceTree = "<group>"; };
		7F4FFB361DD16B7A00CC11FE /* ProductModel.swift */ = {isa = PBXFileReference; fileEncoding = 4; lastKnownFileType = sourcecode.swift; path = ProductModel.swift; sourceTree = "<group>"; };
		7F4FFB381DD17B2900CC11FE /* SimiModel.swift */ = {isa = PBXFileReference; fileEncoding = 4; lastKnownFileType = sourcecode.swift; path = SimiModel.swift; sourceTree = "<group>"; };
		7F58B5121DCED4F200F6EC5E /* STLoginViewController.swift */ = {isa = PBXFileReference; fileEncoding = 4; lastKnownFileType = sourcecode.swift; path = STLoginViewController.swift; sourceTree = "<group>"; };
		7F5B40601DE3FB4E008E8495 /* ic_next_page.png */ = {isa = PBXFileReference; lastKnownFileType = image.png; path = ic_next_page.png; sourceTree = "<group>"; };
		7F5B40611DE3FB4E008E8495 /* ic_previous_page.png */ = {isa = PBXFileReference; lastKnownFileType = image.png; path = ic_previous_page.png; sourceTree = "<group>"; };
		7F60E8831DEC7B7200A9AF3A /* STSettingViewController.swift */ = {isa = PBXFileReference; fileEncoding = 4; lastKnownFileType = sourcecode.swift; path = STSettingViewController.swift; sourceTree = "<group>"; };
		7F60E88C1DEC820700A9AF3A /* STSettingCell.swift */ = {isa = PBXFileReference; fileEncoding = 4; lastKnownFileType = sourcecode.swift; path = STSettingCell.swift; sourceTree = "<group>"; };
		7F60E88E1DEC99B600A9AF3A /* SimiDataLocal.swift */ = {isa = PBXFileReference; fileEncoding = 4; lastKnownFileType = sourcecode.swift; path = SimiDataLocal.swift; sourceTree = "<group>"; };
		7F60E8901DEC9B6300A9AF3A /* STUserData.swift */ = {isa = PBXFileReference; fileEncoding = 4; lastKnownFileType = sourcecode.swift; path = STUserData.swift; sourceTree = "<group>"; };
		7F61B4D51DD0F0F500C290AF /* SimiAPI.swift */ = {isa = PBXFileReference; fileEncoding = 4; lastKnownFileType = sourcecode.swift; path = SimiAPI.swift; sourceTree = "<group>"; };
		7F626F601DD7875200422CCC /* STLeftMenuCell.swift */ = {isa = PBXFileReference; fileEncoding = 4; lastKnownFileType = sourcecode.swift; path = STLeftMenuCell.swift; sourceTree = "<group>"; };
		7F68BCAB1DE2036900F4F88A /* CustomerModel.swift */ = {isa = PBXFileReference; fileEncoding = 4; lastKnownFileType = sourcecode.swift; path = CustomerModel.swift; sourceTree = "<group>"; };
		7F68C04D1DD18C8500BC99BB /* StaffModel.swift */ = {isa = PBXFileReference; fileEncoding = 4; lastKnownFileType = sourcecode.swift; path = StaffModel.swift; sourceTree = "<group>"; };
		7F68C04F1DD1AC9E00BC99BB /* StaffAPI.swift */ = {isa = PBXFileReference; fileEncoding = 4; lastKnownFileType = sourcecode.swift; path = StaffAPI.swift; sourceTree = "<group>"; };
		7F68C0511DD1AF2100BC99BB /* SimiResponder.swift */ = {isa = PBXFileReference; fileEncoding = 4; lastKnownFileType = sourcecode.swift; path = SimiResponder.swift; sourceTree = "<group>"; };
		7F751CB31DF95ED400AA06AA /* LicenseAPI.swift */ = {isa = PBXFileReference; fileEncoding = 4; lastKnownFileType = sourcecode.swift; path = LicenseAPI.swift; sourceTree = "<group>"; };
		7F751CBC1DF95FB800AA06AA /* LicenseModel.swift */ = {isa = PBXFileReference; fileEncoding = 4; lastKnownFileType = sourcecode.swift; path = LicenseModel.swift; sourceTree = "<group>"; };
		7F8871D31DE528F100DCE4F9 /* refresh_icon.png */ = {isa = PBXFileReference; lastKnownFileType = image.png; path = refresh_icon.png; sourceTree = "<group>"; };
		7F8871DC1DE57AC300DCE4F9 /* AbandonedCartModel.swift */ = {isa = PBXFileReference; fileEncoding = 4; lastKnownFileType = sourcecode.swift; path = AbandonedCartModel.swift; sourceTree = "<group>"; };
		7F8871DE1DE57ADD00DCE4F9 /* AbandonedCartModelCollection.swift */ = {isa = PBXFileReference; fileEncoding = 4; lastKnownFileType = sourcecode.swift; path = AbandonedCartModelCollection.swift; sourceTree = "<group>"; };
		7F8871E01DE57B0200DCE4F9 /* AbandonedCartAPI.swift */ = {isa = PBXFileReference; fileEncoding = 4; lastKnownFileType = sourcecode.swift; path = AbandonedCartAPI.swift; sourceTree = "<group>"; };
		7F8871E21DE57C8400DCE4F9 /* STAbandonedCartListViewController.swift */ = {isa = PBXFileReference; fileEncoding = 4; lastKnownFileType = sourcecode.swift; path = STAbandonedCartListViewController.swift; sourceTree = "<group>"; };
		7F8FBE571DE0D14B00A2B2BA /* ic_search.png */ = {isa = PBXFileReference; lastKnownFileType = image.png; path = ic_search.png; sourceTree = "<group>"; };
		7F90C4A11DD6BDF500D29525 /* abandoned_cart_icon.png */ = {isa = PBXFileReference; lastKnownFileType = image.png; path = abandoned_cart_icon.png; sourceTree = "<group>"; };
		7F90C4A21DD6BDF500D29525 /* product_icon.png */ = {isa = PBXFileReference; lastKnownFileType = image.png; path = product_icon.png; sourceTree = "<group>"; };
		7F90C4AC1DD6E12C00D29525 /* SimiImageView.swift */ = {isa = PBXFileReference; fileEncoding = 4; lastKnownFileType = sourcecode.swift; path = SimiImageView.swift; sourceTree = "<group>"; };
		7F93D2EC1DE001C200C3BDC9 /* STProductListViewController.swift */ = {isa = PBXFileReference; fileEncoding = 4; lastKnownFileType = sourcecode.swift; path = STProductListViewController.swift; sourceTree = "<group>"; };
		7F93D2F51DE0064100C3BDC9 /* back_btn_icon.png */ = {isa = PBXFileReference; lastKnownFileType = image.png; path = back_btn_icon.png; sourceTree = "<group>"; };
		7F93D2F81DE00E6B00C3BDC9 /* STCustomerListViewController.swift */ = {isa = PBXFileReference; fileEncoding = 4; lastKnownFileType = sourcecode.swift; path = STCustomerListViewController.swift; sourceTree = "<group>"; };
		7F93D3011DE0141300C3BDC9 /* CustomerModelCollection.swift */ = {isa = PBXFileReference; fileEncoding = 4; lastKnownFileType = sourcecode.swift; path = CustomerModelCollection.swift; sourceTree = "<group>"; };
		7F93D3031DE0144E00C3BDC9 /* CustomerAPI.swift */ = {isa = PBXFileReference; fileEncoding = 4; lastKnownFileType = sourcecode.swift; path = CustomerAPI.swift; sourceTree = "<group>"; };
		7FA06B221DE6D41900BF834F /* STAbandonedCartDetailViewController.swift */ = {isa = PBXFileReference; fileEncoding = 4; lastKnownFileType = sourcecode.swift; path = STAbandonedCartDetailViewController.swift; sourceTree = "<group>"; };
		7FBCDB461DDDA46100BDE9D5 /* OrderModel.swift */ = {isa = PBXFileReference; fileEncoding = 4; lastKnownFileType = sourcecode.swift; path = OrderModel.swift; sourceTree = "<group>"; };
		7FBCDB4F1DDDA48F00BDE9D5 /* STOrderDetailViewController.swift */ = {isa = PBXFileReference; fileEncoding = 4; lastKnownFileType = sourcecode.swift; path = STOrderDetailViewController.swift; sourceTree = "<group>"; };
		7FCCF42E1DE2817C000634A6 /* SimiTableViewCell.swift */ = {isa = PBXFileReference; fileEncoding = 4; lastKnownFileType = sourcecode.swift; path = SimiTableViewCell.swift; sourceTree = "<group>"; };
		7FCCF4371DE290C2000634A6 /* STAddressTableViewCell.swift */ = {isa = PBXFileReference; fileEncoding = 4; lastKnownFileType = sourcecode.swift; path = STAddressTableViewCell.swift; sourceTree = "<group>"; };
		7FCCF4391DE2FC06000634A6 /* STAddressListViewController.swift */ = {isa = PBXFileReference; fileEncoding = 4; lastKnownFileType = sourcecode.swift; path = STAddressListViewController.swift; sourceTree = "<group>"; };
		7FCCF43B1DE2FC62000634A6 /* AddressModelCollection.swift */ = {isa = PBXFileReference; fileEncoding = 4; lastKnownFileType = sourcecode.swift; path = AddressModelCollection.swift; sourceTree = "<group>"; };
		7FCCF43D1DE2FC96000634A6 /* AddressAPI.swift */ = {isa = PBXFileReference; fileEncoding = 4; lastKnownFileType = sourcecode.swift; path = AddressAPI.swift; sourceTree = "<group>"; };
		7FD36E7E1DE82E100023D938 /* STProductDetailViewController.swift */ = {isa = PBXFileReference; fileEncoding = 4; lastKnownFileType = sourcecode.swift; path = STProductDetailViewController.swift; sourceTree = "<group>"; };
		7FD36E801DE8353C0023D938 /* ProductModelCollection.swift */ = {isa = PBXFileReference; fileEncoding = 4; lastKnownFileType = sourcecode.swift; path = ProductModelCollection.swift; sourceTree = "<group>"; };
		7FD36E821DE836150023D938 /* ProductAPI.swift */ = {isa = PBXFileReference; fileEncoding = 4; lastKnownFileType = sourcecode.swift; path = ProductAPI.swift; sourceTree = "<group>"; };
		7FE4E0561DCDE502003985BE /* SimiGlobalVar.swift */ = {isa = PBXFileReference; fileEncoding = 4; lastKnownFileType = sourcecode.swift; path = SimiGlobalVar.swift; sourceTree = "<group>"; };
		7FE4E0581DCE3F5F003985BE /* SimiView.swift */ = {isa = PBXFileReference; fileEncoding = 4; lastKnownFileType = sourcecode.swift; path = SimiView.swift; sourceTree = "<group>"; };
		7FE4E05A1DCE3F77003985BE /* SimiButton.swift */ = {isa = PBXFileReference; fileEncoding = 4; lastKnownFileType = sourcecode.swift; path = SimiButton.swift; sourceTree = "<group>"; };
		7FE4E05C1DCE3F93003985BE /* SimiTableView.swift */ = {isa = PBXFileReference; fileEncoding = 4; lastKnownFileType = sourcecode.swift; path = SimiTableView.swift; sourceTree = "<group>"; };
		7FE4E05F1DCE41D5003985BE /* menu_icon.png */ = {isa = PBXFileReference; lastKnownFileType = image.png; path = menu_icon.png; sourceTree = "<group>"; };
		7FE4E06F1DCE501B003985BE /* STLeftMenuViewController.swift */ = {isa = PBXFileReference; fileEncoding = 4; lastKnownFileType = sourcecode.swift; path = STLeftMenuViewController.swift; sourceTree = "<group>"; };
		7FE4E0731DCE50EC003985BE /* SimiLabel.swift */ = {isa = PBXFileReference; fileEncoding = 4; lastKnownFileType = sourcecode.swift; path = SimiLabel.swift; sourceTree = "<group>"; };
		7FE4E0761DCE52F6003985BE /* MMDrawerBarButtonItem.h */ = {isa = PBXFileReference; fileEncoding = 4; lastKnownFileType = sourcecode.c.h; path = MMDrawerBarButtonItem.h; sourceTree = "<group>"; };
		7FE4E0771DCE52F6003985BE /* MMDrawerBarButtonItem.m */ = {isa = PBXFileReference; fileEncoding = 4; lastKnownFileType = sourcecode.c.objc; path = MMDrawerBarButtonItem.m; sourceTree = "<group>"; };
		7FE4E0781DCE52F6003985BE /* MMDrawerController.h */ = {isa = PBXFileReference; fileEncoding = 4; lastKnownFileType = sourcecode.c.h; path = MMDrawerController.h; sourceTree = "<group>"; };
		7FE4E0791DCE52F6003985BE /* MMDrawerController.m */ = {isa = PBXFileReference; fileEncoding = 4; lastKnownFileType = sourcecode.c.objc; path = MMDrawerController.m; sourceTree = "<group>"; };
		7FE4E07A1DCE52F6003985BE /* MMDrawerController+Subclass.h */ = {isa = PBXFileReference; fileEncoding = 4; lastKnownFileType = sourcecode.c.h; path = "MMDrawerController+Subclass.h"; sourceTree = "<group>"; };
		7FE4E07B1DCE52F6003985BE /* MMDrawerVisualState.h */ = {isa = PBXFileReference; fileEncoding = 4; lastKnownFileType = sourcecode.c.h; path = MMDrawerVisualState.h; sourceTree = "<group>"; };
		7FE4E07C1DCE52F6003985BE /* MMDrawerVisualState.m */ = {isa = PBXFileReference; fileEncoding = 4; lastKnownFileType = sourcecode.c.objc; path = MMDrawerVisualState.m; sourceTree = "<group>"; };
		7FE4E07D1DCE52F6003985BE /* UIViewController+MMDrawerController.h */ = {isa = PBXFileReference; fileEncoding = 4; lastKnownFileType = sourcecode.c.h; path = "UIViewController+MMDrawerController.h"; sourceTree = "<group>"; };
		7FE4E07E1DCE52F6003985BE /* UIViewController+MMDrawerController.m */ = {isa = PBXFileReference; fileEncoding = 4; lastKnownFileType = sourcecode.c.objc; path = "UIViewController+MMDrawerController.m"; sourceTree = "<group>"; };
		7FE839E81DE15010000399AA /* STCustomerDetailViewController.swift */ = {isa = PBXFileReference; fileEncoding = 4; lastKnownFileType = sourcecode.swift; path = STCustomerDetailViewController.swift; sourceTree = "<group>"; };
		7FFA9F3D1DD9ABEF009CC6BE /* STOrderListViewController.swift */ = {isa = PBXFileReference; fileEncoding = 4; lastKnownFileType = sourcecode.swift; path = STOrderListViewController.swift; sourceTree = "<group>"; };
		7FFA9F461DD9B9FB009CC6BE /* SimiModelCollection.swift */ = {isa = PBXFileReference; fileEncoding = 4; lastKnownFileType = sourcecode.swift; path = SimiModelCollection.swift; sourceTree = "<group>"; };
		7FFA9F481DD9BBDC009CC6BE /* OrderModelCollection.swift */ = {isa = PBXFileReference; fileEncoding = 4; lastKnownFileType = sourcecode.swift; path = OrderModelCollection.swift; sourceTree = "<group>"; };
		A907E012F719CC077DD56162 /* Pods-simitracking.debug.xcconfig */ = {isa = PBXFileReference; includeInIndex = 1; lastKnownFileType = text.xcconfig; name = "Pods-simitracking.debug.xcconfig"; path = "Pods/Target Support Files/Pods-simitracking/Pods-simitracking.debug.xcconfig"; sourceTree = "<group>"; };
		C16A45E128C7FEB84EFB8DD8 /* Pods-simitracking.release.xcconfig */ = {isa = PBXFileReference; includeInIndex = 1; lastKnownFileType = text.xcconfig; name = "Pods-simitracking.release.xcconfig"; path = "Pods/Target Support Files/Pods-simitracking/Pods-simitracking.release.xcconfig"; sourceTree = "<group>"; };
		E532B16E1E23674000EC6B8B /* SimiTextView.swift */ = {isa = PBXFileReference; fileEncoding = 4; lastKnownFileType = sourcecode.swift; path = SimiTextView.swift; sourceTree = "<group>"; };
		E532B1701E23675700EC6B8B /* SimiTextField.swift */ = {isa = PBXFileReference; fileEncoding = 4; lastKnownFileType = sourcecode.swift; path = SimiTextField.swift; sourceTree = "<group>"; };
		E547EFBF1E2F255A000E64AA /* ForecastSaleModel.swift */ = {isa = PBXFileReference; fileEncoding = 4; lastKnownFileType = sourcecode.swift; path = ForecastSaleModel.swift; sourceTree = "<group>"; };
		E547EFC11E2F2600000E64AA /* ForecastSaleAPI.swift */ = {isa = PBXFileReference; fileEncoding = 4; lastKnownFileType = sourcecode.swift; path = ForecastSaleAPI.swift; sourceTree = "<group>"; };
		E572FA8D1EA5F4D100510A02 /* AuthorizeModel.swift */ = {isa = PBXFileReference; fileEncoding = 4; lastKnownFileType = sourcecode.swift; path = AuthorizeModel.swift; sourceTree = "<group>"; };
		E572FA8F1EA5F4E300510A02 /* AuthorizeAPI.swift */ = {isa = PBXFileReference; fileEncoding = 4; lastKnownFileType = sourcecode.swift; path = AuthorizeAPI.swift; sourceTree = "<group>"; };
		E594F06C1E2E1563008FC4A2 /* ic_forecast.png */ = {isa = PBXFileReference; lastKnownFileType = image.png; path = ic_forecast.png; sourceTree = "<group>"; };
		E594F06E1E2E162E008FC4A2 /* STForecastViewController.swift */ = {isa = PBXFileReference; fileEncoding = 4; lastKnownFileType = sourcecode.swift; path = STForecastViewController.swift; sourceTree = "<group>"; };
		E5ACE5701E2640C100385FAD /* SimiTable.swift */ = {isa = PBXFileReference; fileEncoding = 4; lastKnownFileType = sourcecode.swift; path = SimiTable.swift; sourceTree = "<group>"; };
		E5ACE5721E26474600385FAD /* SimiFormatter.swift */ = {isa = PBXFileReference; fileEncoding = 4; lastKnownFileType = sourcecode.swift; path = SimiFormatter.swift; sourceTree = "<group>"; };
		E5BA6E901E2487A30037CB85 /* ic_tick.png */ = {isa = PBXFileReference; lastKnownFileType = image.png; path = ic_tick.png; sourceTree = "<group>"; };
		E5BA6E921E2487BE0037CB85 /* ic_edit.png */ = {isa = PBXFileReference; lastKnownFileType = image.png; path = ic_edit.png; sourceTree = "<group>"; };
/* End PBXFileReference section */

/* Begin PBXFrameworksBuildPhase section */
		7F15E3BA1DCDBBD300BB082D /* Frameworks */ = {
			isa = PBXFrameworksBuildPhase;
			buildActionMask = 2147483647;
			files = (
				58C5B1E7F29689396E9A8B6D /* Pods_simitracking.framework in Frameworks */,
			);
			runOnlyForDeploymentPostprocessing = 0;
		};
/* End PBXFrameworksBuildPhase section */

/* Begin PBXGroup section */
		7F15E3B41DCDBBD300BB082D = {
			isa = PBXGroup;
			children = (
				7F15E3BF1DCDBBD300BB082D /* simitracking */,
				7F15E3BE1DCDBBD300BB082D /* Products */,
				C0167C24A3A51CC5EEB6509D /* Pods */,
				A0C8B4CD1B6B4699768420E1 /* Frameworks */,
			);
			sourceTree = "<group>";
		};
		7F15E3BE1DCDBBD300BB082D /* Products */ = {
			isa = PBXGroup;
			children = (
				7F15E3BD1DCDBBD300BB082D /* SimiTracking.app */,
			);
			name = Products;
			sourceTree = "<group>";
		};
		7F15E3BF1DCDBBD300BB082D /* simitracking */ = {
			isa = PBXGroup;
			children = (
				0C85D1001E10F08E00B87621 /* SimiTracking.entitlements */,
				7F15E3C01DCDBBD300BB082D /* AppDelegate.swift */,
				7F15E3C71DCDBBD300BB082D /* Assets.xcassets */,
				7F15E3C91DCDBBD300BB082D /* Launchscreen.storyboard */,
				7F15E3CC1DCDBBD300BB082D /* Info.plist */,
				7F15E4851DCDC83500BB082D /* SimitrackingBase */,
				7F15E4561DCDC5FA00BB082D /* SimiFramework */,
				7FE4E05E1DCE41C4003985BE /* Resource */,
			);
			path = simitracking;
			sourceTree = "<group>";
		};
		7F15E4561DCDC5FA00BB082D /* SimiFramework */ = {
			isa = PBXGroup;
			children = (
				7F15E4591DCDC5FA00BB082D /* Model */,
				7F15E4571DCDC5FA00BB082D /* API */,
				7F15E4581DCDC5FA00BB082D /* CustomClass */,
				7F3858F41DD5C95B00E77C49 /* SDWebImage */,
				7FE4E0611DCE4FD1003985BE /* MMDrawerController */,
				7FE4E0551DCDE4CA003985BE /* GlobalVar */,
				7F15E45A1DCDC5FA00BB082D /* Network */,
			);
			path = SimiFramework;
			sourceTree = "<group>";
		};
		7F15E4571DCDC5FA00BB082D /* API */ = {
			isa = PBXGroup;
			children = (
				7F61B4D51DD0F0F500C290AF /* SimiAPI.swift */,
				7F3E635E1DEFDCD9001DF876 /* SalesAPI.swift */,
				7F751CB31DF95ED400AA06AA /* LicenseAPI.swift */,
				7F68C04F1DD1AC9E00BC99BB /* StaffAPI.swift */,
				7F17E7931DDB66CF00D25899 /* StoreAPI.swift */,
				7F48A2291DDABB0E0038358A /* OrderAPI.swift */,
				7F93D3031DE0144E00C3BDC9 /* CustomerAPI.swift */,
				7FCCF43D1DE2FC96000634A6 /* AddressAPI.swift */,
				7F8871E01DE57B0200DCE4F9 /* AbandonedCartAPI.swift */,
				7FD36E821DE836150023D938 /* ProductAPI.swift */,
				7F04C7B81DEF0E43009BCB25 /* BestsellerAPI.swift */,
				E547EFC11E2F2600000E64AA /* ForecastSaleAPI.swift */,
				E572FA8F1EA5F4E300510A02 /* AuthorizeAPI.swift */,
			);
			path = API;
			sourceTree = "<group>";
		};
		7F15E4581DCDC5FA00BB082D /* CustomClass */ = {
			isa = PBXGroup;
			children = (
				7F15E4831DCDC62B00BB082D /* SimiViewController.swift */,
				7F17E78F1DDB61DD00D25899 /* StoreviewFilterViewController.swift */,
				7F15E4901DCDCD2B00BB082D /* SimiNavigationController.swift */,
				7FE4E0581DCE3F5F003985BE /* SimiView.swift */,
				7FE4E05A1DCE3F77003985BE /* SimiButton.swift */,
				7FE4E05C1DCE3F93003985BE /* SimiTableView.swift */,
				7FCCF42E1DE2817C000634A6 /* SimiTableViewCell.swift */,
				7FE4E0731DCE50EC003985BE /* SimiLabel.swift */,
				7F68C0511DD1AF2100BC99BB /* SimiResponder.swift */,
				7F32BA371DD6295A00DFB728 /* SimiRow.swift */,
				7F32BA401DD629C600DFB728 /* SimiSection.swift */,
				7F90C4AC1DD6E12C00D29525 /* SimiImageView.swift */,
				7F26E8AF1DEC1F91000B0332 /* SimiWebViewController.swift */,
				7F60E88E1DEC99B600A9AF3A /* SimiDataLocal.swift */,
				E532B16E1E23674000EC6B8B /* SimiTextView.swift */,
				E532B1701E23675700EC6B8B /* SimiTextField.swift */,
				E5ACE5701E2640C100385FAD /* SimiTable.swift */,
				E5ACE5721E26474600385FAD /* SimiFormatter.swift */,
			);
			path = CustomClass;
			sourceTree = "<group>";
		};
		7F15E4591DCDC5FA00BB082D /* Model */ = {
			isa = PBXGroup;
			children = (
				7F4FFB381DD17B2900CC11FE /* SimiModel.swift */,
				7F751CBC1DF95FB800AA06AA /* LicenseModel.swift */,
				7FFA9F461DD9B9FB009CC6BE /* SimiModelCollection.swift */,
				7F4FFB361DD16B7A00CC11FE /* ProductModel.swift */,
				7FD36E801DE8353C0023D938 /* ProductModelCollection.swift */,
				7F68BCAB1DE2036900F4F88A /* CustomerModel.swift */,
				7F93D3011DE0141300C3BDC9 /* CustomerModelCollection.swift */,
				7FBCDB461DDDA46100BDE9D5 /* OrderModel.swift */,
				7FFA9F481DD9BBDC009CC6BE /* OrderModelCollection.swift */,
				7F8871DC1DE57AC300DCE4F9 /* AbandonedCartModel.swift */,
				7F8871DE1DE57ADD00DCE4F9 /* AbandonedCartModelCollection.swift */,
				7F68C04D1DD18C8500BC99BB /* StaffModel.swift */,
				7F17E7911DDB637A00D25899 /* StoreModelCollection.swift */,
				7FCCF43B1DE2FC62000634A6 /* AddressModelCollection.swift */,
				7F04C7C11DEF0EE2009BCB25 /* BestsellerModelCollection.swift */,
				7F3E63601DEFDD54001DF876 /* SaleModel.swift */,
				E547EFBF1E2F255A000E64AA /* ForecastSaleModel.swift */,
				E572FA8D1EA5F4D100510A02 /* AuthorizeModel.swift */,
			);
			path = Model;
			sourceTree = "<group>";
		};
		7F15E45A1DCDC5FA00BB082D /* Network */ = {
			isa = PBXGroup;
			children = (
				7F03010C1DD0710200417072 /* SimiNetworkManager.swift */,
			);
			path = Network;
			sourceTree = "<group>";
		};
		7F15E4851DCDC83500BB082D /* SimitrackingBase */ = {
			isa = PBXGroup;
			children = (
				7F2924201DD4E08B00FB3129 /* NavigationController */,
				7F15E4871DCDCB9C00BB082D /* ViewController */,
				7F15E4861DCDC83500BB082D /* View */,
				7F60E8901DEC9B6300A9AF3A /* STUserData.swift */,
			);
			path = SimitrackingBase;
			sourceTree = "<group>";
		};
		7F15E4861DCDC83500BB082D /* View */ = {
			isa = PBXGroup;
			children = (
				7F626F5F1DD7875200422CCC /* STLoginView */,
				7FCCF4371DE290C2000634A6 /* STAddressTableViewCell.swift */,
				7F60E88C1DEC820700A9AF3A /* STSettingCell.swift */,
			);
			path = View;
			sourceTree = "<group>";
		};
		7F15E4871DCDCB9C00BB082D /* ViewController */ = {
			isa = PBXGroup;
			children = (
				7F58B5121DCED4F200F6EC5E /* STLoginViewController.swift */,
				7F15BCA11DF263C70091FDF5 /* STBestsellersViewController.swift */,
				7F93D2EC1DE001C200C3BDC9 /* STProductListViewController.swift */,
				7FD36E7E1DE82E100023D938 /* STProductDetailViewController.swift */,
				7F15E48D1DCDCC7E00BB082D /* STDashboardViewController.swift */,
				7FE4E06F1DCE501B003985BE /* STLeftMenuViewController.swift */,
				7FFA9F3D1DD9ABEF009CC6BE /* STOrderListViewController.swift */,
				7FBCDB4F1DDDA48F00BDE9D5 /* STOrderDetailViewController.swift */,
				7F93D2F81DE00E6B00C3BDC9 /* STCustomerListViewController.swift */,
				7FE839E81DE15010000399AA /* STCustomerDetailViewController.swift */,
				7F35D18E1DE0E37C004DDE0B /* STSearchViewController.swift */,
				7FCCF4391DE2FC06000634A6 /* STAddressListViewController.swift */,
				7F8871E21DE57C8400DCE4F9 /* STAbandonedCartListViewController.swift */,
				7FA06B221DE6D41900BF834F /* STAbandonedCartDetailViewController.swift */,
				7F60E8831DEC7B7200A9AF3A /* STSettingViewController.swift */,
				7F23B2F91DF67A5400B1FC0A /* STQRScannerViewController.swift */,
				E594F06E1E2E162E008FC4A2 /* STForecastViewController.swift */,
			);
			path = ViewController;
			sourceTree = "<group>";
		};
		7F2924201DD4E08B00FB3129 /* NavigationController */ = {
			isa = PBXGroup;
			children = (
				7F2924211DD4E08B00FB3129 /* MainNavigationController.swift */,
			);
			path = NavigationController;
			sourceTree = "<group>";
		};
		7F3858F41DD5C95B00E77C49 /* SDWebImage */ = {
			isa = PBXGroup;
			children = (
				7F3858F51DD5C95B00E77C49 /* MKAnnotationView+WebCache.h */,
				7F3858F61DD5C95B00E77C49 /* MKAnnotationView+WebCache.m */,
				7F3858F71DD5C95B00E77C49 /* NSData+ImageContentType.h */,
				7F3858F81DD5C95B00E77C49 /* NSData+ImageContentType.m */,
				7F3858F91DD5C95B00E77C49 /* SDImageCache.h */,
				7F3858FA1DD5C95B00E77C49 /* SDImageCache.m */,
				7F3858FC1DD5C95B00E77C49 /* SDWebImageCompat.h */,
				7F3858FD1DD5C95B00E77C49 /* SDWebImageCompat.m */,
				7F3858FE1DD5C95B00E77C49 /* SDWebImageDecoder.h */,
				7F3858FF1DD5C95B00E77C49 /* SDWebImageDecoder.m */,
				7F3859001DD5C95B00E77C49 /* SDWebImageDownloader.h */,
				7F3859011DD5C95B00E77C49 /* SDWebImageDownloader.m */,
				7F3859021DD5C95B00E77C49 /* SDWebImageDownloaderOperation.h */,
				7F3859031DD5C95B00E77C49 /* SDWebImageDownloaderOperation.m */,
				7F3859041DD5C95B00E77C49 /* SDWebImageManager.h */,
				7F3859051DD5C95B00E77C49 /* SDWebImageManager.m */,
				7F3859061DD5C95B00E77C49 /* SDWebImageOperation.h */,
				7F3859071DD5C95B00E77C49 /* SDWebImagePrefetcher.h */,
				7F3859081DD5C95B00E77C49 /* SDWebImagePrefetcher.m */,
				7F3859091DD5C95B00E77C49 /* UIButton+WebCache.h */,
				7F38590A1DD5C95B00E77C49 /* UIButton+WebCache.m */,
				7F38590B1DD5C95B00E77C49 /* UIImage+GIF.h */,
				7F38590C1DD5C95B00E77C49 /* UIImage+GIF.m */,
				7F38590D1DD5C95B00E77C49 /* UIImage+MultiFormat.h */,
				7F38590E1DD5C95B00E77C49 /* UIImage+MultiFormat.m */,
				7F38590F1DD5C95B00E77C49 /* UIImage+WebP.h */,
				7F3859101DD5C95B00E77C49 /* UIImage+WebP.m */,
				7F3859111DD5C95B00E77C49 /* UIImageView+HighlightedWebCache.h */,
				7F3859121DD5C95B00E77C49 /* UIImageView+HighlightedWebCache.m */,
				7F3859131DD5C95B00E77C49 /* UIImageView+WebCache.h */,
				7F3859141DD5C95B00E77C49 /* UIImageView+WebCache.m */,
				7F3859151DD5C95B00E77C49 /* UIView+WebCacheOperation.h */,
				7F3859161DD5C95B00E77C49 /* UIView+WebCacheOperation.m */,
			);
			path = SDWebImage;
			sourceTree = "<group>";
		};
		7F626F5F1DD7875200422CCC /* STLoginView */ = {
			isa = PBXGroup;
			children = (
				7F626F601DD7875200422CCC /* STLeftMenuCell.swift */,
			);
			path = STLoginView;
			sourceTree = "<group>";
		};
		7FE4E0551DCDE4CA003985BE /* GlobalVar */ = {
			isa = PBXGroup;
			children = (
				7FE4E0561DCDE502003985BE /* SimiGlobalVar.swift */,
			);
			path = GlobalVar;
			sourceTree = "<group>";
		};
		7FE4E05E1DCE41C4003985BE /* Resource */ = {
			isa = PBXGroup;
			children = (
				E594F06C1E2E1563008FC4A2 /* ic_forecast.png */,
				7F23B3021DF6957400B1FC0A /* qr_ic.png */,
				7F070FBD1DF5520F00A43B3F /* edit_ic.png */,
				7F8871D31DE528F100DCE4F9 /* refresh_icon.png */,
				7F5B40601DE3FB4E008E8495 /* ic_next_page.png */,
				7F5B40611DE3FB4E008E8495 /* ic_previous_page.png */,
				7F8FBE571DE0D14B00A2B2BA /* ic_search.png */,
				7F93D2F51DE0064100C3BDC9 /* back_btn_icon.png */,
				7F2E2D201DDCB8E400F33903 /* icon_sort.png */,
				7F2E2D211DDCB8E400F33903 /* icon_status_filter.png */,
				7F2E2D221DDCB8E400F33903 /* icon_time.png */,
				7F17E78D1DDB5E2C00D25899 /* triangle_icon.png */,
				7F48A2321DDB148E0038358A /* calendar_ic.png */,
				7F90C4A11DD6BDF500D29525 /* abandoned_cart_icon.png */,
				7F90C4A21DD6BDF500D29525 /* product_icon.png */,
				7F38581B1DD5ADC600E77C49 /* default_avt.png */,
				7F29242F1DD4E60800FB3129 /* menu_top_background.png */,
				7F2924231DD4E5FF00FB3129 /* bestseller_icon.png */,
				7F2924241DD4E5FF00FB3129 /* customer_icon.png */,
				E5BA6E921E2487BE0037CB85 /* ic_edit.png */,
				E5BA6E901E2487A30037CB85 /* ic_tick.png */,
				7F2924251DD4E5FF00FB3129 /* dashboard_icon.png */,
				7F2924261DD4E5FF00FB3129 /* logout_icon.png */,
				7F2924271DD4E5FF00FB3129 /* order_icon.png */,
				7F2924281DD4E5FF00FB3129 /* setting_icon.png */,
				7F03010A1DD0696100417072 /* loading_icon.png */,
				7F0301041DD0224500417072 /* login_password.png */,
				7F1CFC361DCF959A0060AF8A /* login_url.png */,
				7F1CFC371DCF959A0060AF8A /* login_user.png */,
				7F1CFC331DCF8AAD0060AF8A /* login_logo.png */,
				7FE4E05F1DCE41D5003985BE /* menu_icon.png */,
			);
			path = Resource;
			sourceTree = "<group>";
		};
		7FE4E0611DCE4FD1003985BE /* MMDrawerController */ = {
			isa = PBXGroup;
			children = (
				7F3858761DD5BF2200E77C49 /* simitracking-Bridging-Header.h */,
				7FE4E0761DCE52F6003985BE /* MMDrawerBarButtonItem.h */,
				7FE4E0771DCE52F6003985BE /* MMDrawerBarButtonItem.m */,
				7FE4E0781DCE52F6003985BE /* MMDrawerController.h */,
				7FE4E0791DCE52F6003985BE /* MMDrawerController.m */,
				7FE4E07A1DCE52F6003985BE /* MMDrawerController+Subclass.h */,
				7FE4E07B1DCE52F6003985BE /* MMDrawerVisualState.h */,
				7FE4E07C1DCE52F6003985BE /* MMDrawerVisualState.m */,
				7FE4E07D1DCE52F6003985BE /* UIViewController+MMDrawerController.h */,
				7FE4E07E1DCE52F6003985BE /* UIViewController+MMDrawerController.m */,
			);
			path = MMDrawerController;
			sourceTree = "<group>";
		};
		A0C8B4CD1B6B4699768420E1 /* Frameworks */ = {
			isa = PBXGroup;
			children = (
				575E7A64566583007681A6A4 /* Pods_simitracking.framework */,
			);
			name = Frameworks;
			sourceTree = "<group>";
		};
		C0167C24A3A51CC5EEB6509D /* Pods */ = {
			isa = PBXGroup;
			children = (
				A907E012F719CC077DD56162 /* Pods-simitracking.debug.xcconfig */,
				C16A45E128C7FEB84EFB8DD8 /* Pods-simitracking.release.xcconfig */,
			);
			name = Pods;
			sourceTree = "<group>";
		};
/* End PBXGroup section */

/* Begin PBXNativeTarget section */
		7F15E3BC1DCDBBD300BB082D /* simitracking */ = {
			isa = PBXNativeTarget;
			buildConfigurationList = 7F15E3CF1DCDBBD300BB082D /* Build configuration list for PBXNativeTarget "simitracking" */;
			buildPhases = (
				C58F8D7FBC7D9AFBCAB52799 /* [CP] Check Pods Manifest.lock */,
				7F15E3B91DCDBBD300BB082D /* Sources */,
				7F15E3BA1DCDBBD300BB082D /* Frameworks */,
				7F15E3BB1DCDBBD300BB082D /* Resources */,
				7F61B48A1DD0D7B400C290AF /* Embed Frameworks */,
				D9326D70400C434B573FB7DB /* [CP] Embed Pods Frameworks */,
				7FBEEC36F4E76EAD091EEF65 /* [CP] Copy Pods Resources */,
			);
			buildRules = (
			);
			dependencies = (
			);
			name = simitracking;
			productName = simitracking;
			productReference = 7F15E3BD1DCDBBD300BB082D /* SimiTracking.app */;
			productType = "com.apple.product-type.application";
		};
/* End PBXNativeTarget section */

/* Begin PBXProject section */
		7F15E3B51DCDBBD300BB082D /* Project object */ = {
			isa = PBXProject;
			attributes = {
				LastSwiftUpdateCheck = 0800;
				LastUpgradeCheck = 0810;
				ORGANIZATIONNAME = SimiCart;
				TargetAttributes = {
					7F15E3BC1DCDBBD300BB082D = {
						CreatedOnToolsVersion = 8.0;
						DevelopmentTeam = Y4427S3SDN;
						LastSwiftMigration = 0800;
						ProvisioningStyle = Manual;
						SystemCapabilities = {
							com.apple.Push = {
								enabled = 1;
							};
						};
					};
				};
			};
			buildConfigurationList = 7F15E3B81DCDBBD300BB082D /* Build configuration list for PBXProject "SimiTracking" */;
			compatibilityVersion = "Xcode 3.2";
			developmentRegion = English;
			hasScannedForEncodings = 0;
			knownRegions = (
				en,
				Base,
			);
			mainGroup = 7F15E3B41DCDBBD300BB082D;
			productRefGroup = 7F15E3BE1DCDBBD300BB082D /* Products */;
			projectDirPath = "";
			projectRoot = "";
			targets = (
				7F15E3BC1DCDBBD300BB082D /* simitracking */,
			);
		};
/* End PBXProject section */

/* Begin PBXResourcesBuildPhase section */
		7F15E3BB1DCDBBD300BB082D /* Resources */ = {
			isa = PBXResourcesBuildPhase;
			buildActionMask = 2147483647;
			files = (
				7F15E3CB1DCDBBD300BB082D /* Launchscreen.storyboard in Resources */,
				7F8FBE581DE0D14B00A2B2BA /* ic_search.png in Resources */,
				7F1CFC3A1DCF959A0060AF8A /* login_user.png in Resources */,
				7F2924291DD4E5FF00FB3129 /* bestseller_icon.png in Resources */,
				7F5B40631DE3FB4E008E8495 /* ic_previous_page.png in Resources */,
				7F2924301DD4E60800FB3129 /* menu_top_background.png in Resources */,
				7F29242D1DD4E5FF00FB3129 /* order_icon.png in Resources */,
				7F2E2D231DDCB8E400F33903 /* icon_sort.png in Resources */,
				7F29242B1DD4E5FF00FB3129 /* dashboard_icon.png in Resources */,
				7F2E2D241DDCB8E400F33903 /* icon_status_filter.png in Resources */,
				7F38581C1DD5ADC600E77C49 /* default_avt.png in Resources */,
				E594F06D1E2E1563008FC4A2 /* ic_forecast.png in Resources */,
				E5BA6E911E2487A30037CB85 /* ic_tick.png in Resources */,
				7F0301051DD0224500417072 /* login_password.png in Resources */,
				7F2E2D251DDCB8E400F33903 /* icon_time.png in Resources */,
				7F5B40621DE3FB4E008E8495 /* ic_next_page.png in Resources */,
				7F070FBE1DF5520F00A43B3F /* edit_ic.png in Resources */,
				E5BA6E931E2487BE0037CB85 /* ic_edit.png in Resources */,
				7F29242C1DD4E5FF00FB3129 /* logout_icon.png in Resources */,
				7F1CFC391DCF959A0060AF8A /* login_url.png in Resources */,
				7F48A2331DDB148E0038358A /* calendar_ic.png in Resources */,
				7F90C4A31DD6BDF500D29525 /* abandoned_cart_icon.png in Resources */,
				7F29242E1DD4E5FF00FB3129 /* setting_icon.png in Resources */,
				7F03010B1DD0696100417072 /* loading_icon.png in Resources */,
				7F1CFC341DCF8AAD0060AF8A /* login_logo.png in Resources */,
				7F15E3C81DCDBBD300BB082D /* Assets.xcassets in Resources */,
				7F17E78E1DDB5E2C00D25899 /* triangle_icon.png in Resources */,
				7F90C4A41DD6BDF500D29525 /* product_icon.png in Resources */,
				7F93D2F61DE0064100C3BDC9 /* back_btn_icon.png in Resources */,
				7F23B3031DF6957400B1FC0A /* qr_ic.png in Resources */,
				7F8871D41DE528F100DCE4F9 /* refresh_icon.png in Resources */,
				7F29242A1DD4E5FF00FB3129 /* customer_icon.png in Resources */,
				7FE4E0601DCE41D5003985BE /* menu_icon.png in Resources */,
			);
			runOnlyForDeploymentPostprocessing = 0;
		};
/* End PBXResourcesBuildPhase section */

/* Begin PBXShellScriptBuildPhase section */
		7FBEEC36F4E76EAD091EEF65 /* [CP] Copy Pods Resources */ = {
			isa = PBXShellScriptBuildPhase;
			buildActionMask = 2147483647;
			files = (
			);
			inputPaths = (
			);
			name = "[CP] Copy Pods Resources";
			outputPaths = (
			);
			runOnlyForDeploymentPostprocessing = 0;
			shellPath = /bin/sh;
			shellScript = "\"${SRCROOT}/Pods/Target Support Files/Pods-simitracking/Pods-simitracking-resources.sh\"\n";
			showEnvVarsInLog = 0;
		};
		C58F8D7FBC7D9AFBCAB52799 /* [CP] Check Pods Manifest.lock */ = {
			isa = PBXShellScriptBuildPhase;
			buildActionMask = 2147483647;
			files = (
			);
			inputPaths = (
			);
			name = "[CP] Check Pods Manifest.lock";
			outputPaths = (
			);
			runOnlyForDeploymentPostprocessing = 0;
			shellPath = /bin/sh;
			shellScript = "diff \"${PODS_ROOT}/../Podfile.lock\" \"${PODS_ROOT}/Manifest.lock\" > /dev/null\nif [ $? != 0 ] ; then\n    # print error to STDERR\n    echo \"error: The sandbox is not in sync with the Podfile.lock. Run 'pod install' or update your CocoaPods installation.\" >&2\n    exit 1\nfi\n";
			showEnvVarsInLog = 0;
		};
		D9326D70400C434B573FB7DB /* [CP] Embed Pods Frameworks */ = {
			isa = PBXShellScriptBuildPhase;
			buildActionMask = 2147483647;
			files = (
			);
			inputPaths = (
			);
			name = "[CP] Embed Pods Frameworks";
			outputPaths = (
			);
			runOnlyForDeploymentPostprocessing = 0;
			shellPath = /bin/sh;
			shellScript = "\"${SRCROOT}/Pods/Target Support Files/Pods-simitracking/Pods-simitracking-frameworks.sh\"\n";
			showEnvVarsInLog = 0;
		};
/* End PBXShellScriptBuildPhase section */

/* Begin PBXSourcesBuildPhase section */
		7F15E3B91DCDBBD300BB082D /* Sources */ = {
			isa = PBXSourcesBuildPhase;
			buildActionMask = 2147483647;
			files = (
				7F38591B1DD5C95B00E77C49 /* SDWebImageDecoder.m in Sources */,
				7FE839E91DE15010000399AA /* STCustomerDetailViewController.swift in Sources */,
				7F93D2F91DE00E6B00C3BDC9 /* STCustomerListViewController.swift in Sources */,
				7FCCF4381DE290C2000634A6 /* STAddressTableViewCell.swift in Sources */,
				7F68BCAC1DE2036900F4F88A /* CustomerModel.swift in Sources */,
				7F3859261DD5C95B00E77C49 /* UIView+WebCacheOperation.m in Sources */,
				7F48A22A1DDABB0E0038358A /* OrderAPI.swift in Sources */,
				7FE4E05B1DCE3F77003985BE /* SimiButton.swift in Sources */,
				7F38591E1DD5C95B00E77C49 /* SDWebImageManager.m in Sources */,
				7F15E4841DCDC62B00BB082D /* SimiViewController.swift in Sources */,
				7F60E88D1DEC820700A9AF3A /* STSettingCell.swift in Sources */,
				7FE4E07F1DCE52F6003985BE /* MMDrawerBarButtonItem.m in Sources */,
				E572FA8E1EA5F4D100510A02 /* AuthorizeModel.swift in Sources */,
				7FCCF43E1DE2FC96000634A6 /* AddressAPI.swift in Sources */,
				7F04C7C21DEF0EE2009BCB25 /* BestsellerModelCollection.swift in Sources */,
				7F90C4AD1DD6E12C00D29525 /* SimiImageView.swift in Sources */,
				7FE4E0811DCE52F6003985BE /* MMDrawerVisualState.m in Sources */,
				7FD36E831DE836150023D938 /* ProductAPI.swift in Sources */,
				7F32BA411DD629C600DFB728 /* SimiSection.swift in Sources */,
				7FD36E811DE8353C0023D938 /* ProductModelCollection.swift in Sources */,
				7F38591A1DD5C95B00E77C49 /* SDWebImageCompat.m in Sources */,
				7F751CB41DF95ED400AA06AA /* LicenseAPI.swift in Sources */,
				E572FA901EA5F4E300510A02 /* AuthorizeAPI.swift in Sources */,
				7F38591D1DD5C95B00E77C49 /* SDWebImageDownloaderOperation.m in Sources */,
				7F626F611DD7875200422CCC /* STLeftMenuCell.swift in Sources */,
				7F2924221DD4E08B00FB3129 /* MainNavigationController.swift in Sources */,
				7F68C04E1DD18C8500BC99BB /* StaffModel.swift in Sources */,
				7F3859251DD5C95B00E77C49 /* UIImageView+WebCache.m in Sources */,
				7FCCF43A1DE2FC06000634A6 /* STAddressListViewController.swift in Sources */,
				7F03010D1DD0710200417072 /* SimiNetworkManager.swift in Sources */,
				7F3E635F1DEFDCD9001DF876 /* SalesAPI.swift in Sources */,
				E532B16F1E23674000EC6B8B /* SimiTextView.swift in Sources */,
				7F68C0521DD1AF2100BC99BB /* SimiResponder.swift in Sources */,
				7F4FFB391DD17B2900CC11FE /* SimiModel.swift in Sources */,
				7FFA9F491DD9BBDC009CC6BE /* OrderModelCollection.swift in Sources */,
				7F3859241DD5C95B00E77C49 /* UIImageView+HighlightedWebCache.m in Sources */,
				7FFA9F471DD9B9FB009CC6BE /* SimiModelCollection.swift in Sources */,
				7F8871DF1DE57ADD00DCE4F9 /* AbandonedCartModelCollection.swift in Sources */,
				E5ACE5711E2640C100385FAD /* SimiTable.swift in Sources */,
				7F17E7921DDB637A00D25899 /* StoreModelCollection.swift in Sources */,
				7FE4E0701DCE501B003985BE /* STLeftMenuViewController.swift in Sources */,
				7F93D2ED1DE001C200C3BDC9 /* STProductListViewController.swift in Sources */,
				E532B1711E23675700EC6B8B /* SimiTextField.swift in Sources */,
				7F58B5131DCED4F200F6EC5E /* STLoginViewController.swift in Sources */,
				7F3E63611DEFDD54001DF876 /* SaleModel.swift in Sources */,
				E547EFC21E2F2600000E64AA /* ForecastSaleAPI.swift in Sources */,
				7FE4E0821DCE52F6003985BE /* UIViewController+MMDrawerController.m in Sources */,
				7F17E7941DDB66CF00D25899 /* StoreAPI.swift in Sources */,
				7F3859211DD5C95B00E77C49 /* UIImage+GIF.m in Sources */,
				7FA06B231DE6D41900BF834F /* STAbandonedCartDetailViewController.swift in Sources */,
				7FD36E7F1DE82E100023D938 /* STProductDetailViewController.swift in Sources */,
				7F15BCA21DF263C70091FDF5 /* STBestsellersViewController.swift in Sources */,
				7F04C7B91DEF0E43009BCB25 /* BestsellerAPI.swift in Sources */,
				7F3859221DD5C95B00E77C49 /* UIImage+MultiFormat.m in Sources */,
				7F93D3021DE0141300C3BDC9 /* CustomerModelCollection.swift in Sources */,
				7FFA9F3E1DD9ABEF009CC6BE /* STOrderListViewController.swift in Sources */,
				7F26E8B01DEC1F91000B0332 /* SimiWebViewController.swift in Sources */,
				7F60E88F1DEC99B600A9AF3A /* SimiDataLocal.swift in Sources */,
				7F15E3C11DCDBBD300BB082D /* AppDelegate.swift in Sources */,
				7F3859231DD5C95B00E77C49 /* UIImage+WebP.m in Sources */,
				7F60E8841DEC7B7200A9AF3A /* STSettingViewController.swift in Sources */,
				7F38591F1DD5C95B00E77C49 /* SDWebImagePrefetcher.m in Sources */,
				7F4FFB371DD16B7A00CC11FE /* ProductModel.swift in Sources */,
				7FBCDB471DDDA46100BDE9D5 /* OrderModel.swift in Sources */,
				7FBCDB501DDDA48F00BDE9D5 /* STOrderDetailViewController.swift in Sources */,
				E594F06F1E2E162E008FC4A2 /* STForecastViewController.swift in Sources */,
				7FE4E0801DCE52F6003985BE /* MMDrawerController.m in Sources */,
				7F93D3041DE0144E00C3BDC9 /* CustomerAPI.swift in Sources */,
				7F60E8911DEC9B6300A9AF3A /* STUserData.swift in Sources */,
				7F8871DD1DE57AC300DCE4F9 /* AbandonedCartModel.swift in Sources */,
				7FCCF42F1DE2817C000634A6 /* SimiTableViewCell.swift in Sources */,
				7F32BA381DD6295A00DFB728 /* SimiRow.swift in Sources */,
				7FE4E0571DCDE502003985BE /* SimiGlobalVar.swift in Sources */,
				7F17E7901DDB61DD00D25899 /* StoreviewFilterViewController.swift in Sources */,
				E547EFC01E2F255A000E64AA /* ForecastSaleModel.swift in Sources */,
				7F23B2FA1DF67A5400B1FC0A /* STQRScannerViewController.swift in Sources */,
				7FE4E05D1DCE3F93003985BE /* SimiTableView.swift in Sources */,
				7F3859171DD5C95B00E77C49 /* MKAnnotationView+WebCache.m in Sources */,
				7F61B4D61DD0F0F500C290AF /* SimiAPI.swift in Sources */,
				7F38591C1DD5C95B00E77C49 /* SDWebImageDownloader.m in Sources */,
				7F35D18F1DE0E37C004DDE0B /* STSearchViewController.swift in Sources */,
				7F3859201DD5C95B00E77C49 /* UIButton+WebCache.m in Sources */,
				7F751CBD1DF95FB800AA06AA /* LicenseModel.swift in Sources */,
				7FE4E0591DCE3F5F003985BE /* SimiView.swift in Sources */,
				7F3859181DD5C95B00E77C49 /* NSData+ImageContentType.m in Sources */,
				7FE4E0741DCE50EC003985BE /* SimiLabel.swift in Sources */,
				7F8871E11DE57B0200DCE4F9 /* AbandonedCartAPI.swift in Sources */,
				7F8871E31DE57C8400DCE4F9 /* STAbandonedCartListViewController.swift in Sources */,
				7F15E4911DCDCD2B00BB082D /* SimiNavigationController.swift in Sources */,
				7F3859191DD5C95B00E77C49 /* SDImageCache.m in Sources */,
				7FCCF43C1DE2FC62000634A6 /* AddressModelCollection.swift in Sources */,
				7F68C0501DD1AC9E00BC99BB /* StaffAPI.swift in Sources */,
				7F15E48F1DCDCC7E00BB082D /* STDashboardViewController.swift in Sources */,
				E5ACE5731E26474600385FAD /* SimiFormatter.swift in Sources */,
			);
			runOnlyForDeploymentPostprocessing = 0;
		};
/* End PBXSourcesBuildPhase section */

/* Begin PBXVariantGroup section */
		7F15E3C91DCDBBD300BB082D /* Launchscreen.storyboard */ = {
			isa = PBXVariantGroup;
			children = (
				7F15E3CA1DCDBBD300BB082D /* Base */,
			);
			name = Launchscreen.storyboard;
			sourceTree = "<group>";
		};
/* End PBXVariantGroup section */

/* Begin XCBuildConfiguration section */
		7F15E3CD1DCDBBD300BB082D /* Debug */ = {
			isa = XCBuildConfiguration;
			buildSettings = {
				ALWAYS_SEARCH_USER_PATHS = NO;
				CLANG_ANALYZER_NONNULL = YES;
				CLANG_CXX_LANGUAGE_STANDARD = "gnu++0x";
				CLANG_CXX_LIBRARY = "libc++";
				CLANG_ENABLE_MODULES = YES;
				CLANG_ENABLE_OBJC_ARC = YES;
				CLANG_WARN_BOOL_CONVERSION = YES;
				CLANG_WARN_CONSTANT_CONVERSION = YES;
				CLANG_WARN_DIRECT_OBJC_ISA_USAGE = YES_ERROR;
				CLANG_WARN_DOCUMENTATION_COMMENTS = YES;
				CLANG_WARN_EMPTY_BODY = YES;
				CLANG_WARN_ENUM_CONVERSION = YES;
				CLANG_WARN_INFINITE_RECURSION = YES;
				CLANG_WARN_INT_CONVERSION = YES;
				CLANG_WARN_OBJC_ROOT_CLASS = YES_ERROR;
				CLANG_WARN_SUSPICIOUS_MOVE = YES;
				CLANG_WARN_SUSPICIOUS_MOVES = YES;
				CLANG_WARN_UNREACHABLE_CODE = YES;
				CLANG_WARN__DUPLICATE_METHOD_MATCH = YES;
				"CODE_SIGN_IDENTITY[sdk=iphoneos*]" = "iPhone Developer";
				COPY_PHASE_STRIP = NO;
				DEBUG_INFORMATION_FORMAT = dwarf;
				ENABLE_STRICT_OBJC_MSGSEND = YES;
				ENABLE_TESTABILITY = YES;
				GCC_C_LANGUAGE_STANDARD = gnu99;
				GCC_DYNAMIC_NO_PIC = NO;
				GCC_NO_COMMON_BLOCKS = YES;
				GCC_OPTIMIZATION_LEVEL = 0;
				GCC_PREPROCESSOR_DEFINITIONS = (
					"DEBUG=1",
					"$(inherited)",
				);
				GCC_WARN_64_TO_32_BIT_CONVERSION = YES;
				GCC_WARN_ABOUT_RETURN_TYPE = YES_ERROR;
				GCC_WARN_UNDECLARED_SELECTOR = YES;
				GCC_WARN_UNINITIALIZED_AUTOS = YES_AGGRESSIVE;
				GCC_WARN_UNUSED_FUNCTION = YES;
				GCC_WARN_UNUSED_VARIABLE = YES;
				IPHONEOS_DEPLOYMENT_TARGET = 8.0;
				MTL_ENABLE_DEBUG_INFO = YES;
				ONLY_ACTIVE_ARCH = YES;
				SDKROOT = iphoneos;
				SWIFT_ACTIVE_COMPILATION_CONDITIONS = DEBUG;
				SWIFT_OPTIMIZATION_LEVEL = "-Onone";
				TARGETED_DEVICE_FAMILY = "1,2";
			};
			name = Debug;
		};
		7F15E3CE1DCDBBD300BB082D /* Release */ = {
			isa = XCBuildConfiguration;
			buildSettings = {
				ALWAYS_SEARCH_USER_PATHS = NO;
				CLANG_ANALYZER_NONNULL = YES;
				CLANG_CXX_LANGUAGE_STANDARD = "gnu++0x";
				CLANG_CXX_LIBRARY = "libc++";
				CLANG_ENABLE_MODULES = YES;
				CLANG_ENABLE_OBJC_ARC = YES;
				CLANG_WARN_BOOL_CONVERSION = YES;
				CLANG_WARN_CONSTANT_CONVERSION = YES;
				CLANG_WARN_DIRECT_OBJC_ISA_USAGE = YES_ERROR;
				CLANG_WARN_DOCUMENTATION_COMMENTS = YES;
				CLANG_WARN_EMPTY_BODY = YES;
				CLANG_WARN_ENUM_CONVERSION = YES;
				CLANG_WARN_INFINITE_RECURSION = YES;
				CLANG_WARN_INT_CONVERSION = YES;
				CLANG_WARN_OBJC_ROOT_CLASS = YES_ERROR;
				CLANG_WARN_SUSPICIOUS_MOVE = YES;
				CLANG_WARN_SUSPICIOUS_MOVES = YES;
				CLANG_WARN_UNREACHABLE_CODE = YES;
				CLANG_WARN__DUPLICATE_METHOD_MATCH = YES;
				"CODE_SIGN_IDENTITY[sdk=iphoneos*]" = "iPhone Developer";
				COPY_PHASE_STRIP = NO;
				DEBUG_INFORMATION_FORMAT = "dwarf-with-dsym";
				ENABLE_NS_ASSERTIONS = NO;
				ENABLE_STRICT_OBJC_MSGSEND = YES;
				GCC_C_LANGUAGE_STANDARD = gnu99;
				GCC_NO_COMMON_BLOCKS = YES;
				GCC_WARN_64_TO_32_BIT_CONVERSION = YES;
				GCC_WARN_ABOUT_RETURN_TYPE = YES_ERROR;
				GCC_WARN_UNDECLARED_SELECTOR = YES;
				GCC_WARN_UNINITIALIZED_AUTOS = YES_AGGRESSIVE;
				GCC_WARN_UNUSED_FUNCTION = YES;
				GCC_WARN_UNUSED_VARIABLE = YES;
				IPHONEOS_DEPLOYMENT_TARGET = 8.0;
				MTL_ENABLE_DEBUG_INFO = NO;
				SDKROOT = iphoneos;
				SWIFT_OPTIMIZATION_LEVEL = "-Owholemodule";
				TARGETED_DEVICE_FAMILY = "1,2";
				VALIDATE_PRODUCT = YES;
			};
			name = Release;
		};
		7F15E3D01DCDBBD300BB082D /* Debug */ = {
			isa = XCBuildConfiguration;
			baseConfigurationReference = A907E012F719CC077DD56162 /* Pods-simitracking.debug.xcconfig */;
			buildSettings = {
				ALWAYS_EMBED_SWIFT_STANDARD_LIBRARIES = YES;
				ASSETCATALOG_COMPILER_APPICON_NAME = AppIcon;
				CLANG_ENABLE_MODULES = YES;
				CODE_SIGN_ENTITLEMENTS = simitracking/SimiTracking.entitlements;
				"CODE_SIGN_IDENTITY[sdk=iphoneos*]" = "iPhone Developer";
				DEVELOPMENT_TEAM = Y4427S3SDN;
				INFOPLIST_FILE = simitracking/Info.plist;
				IPHONEOS_DEPLOYMENT_TARGET = 9.0;
				LD_RUNPATH_SEARCH_PATHS = "$(inherited) @executable_path/Frameworks";
				PRODUCT_BUNDLE_IDENTIFIER = com.simicart.tracking;
				PRODUCT_NAME = SimiTracking;
				PROVISIONING_PROFILE = "cba3d2a6-9819-4a80-a749-d8c9bfd06cf9";
				PROVISIONING_PROFILE_SPECIFIER = "Mobile developer tracking";
				SWIFT_OBJC_BRIDGING_HEADER = "simitracking/SimiFramework/MMDrawerController/simitracking-Bridging-Header.h";
				SWIFT_OPTIMIZATION_LEVEL = "-Onone";
				SWIFT_VERSION = 3.0;
				TARGETED_DEVICE_FAMILY = "1,2";
			};
			name = Debug;
		};
		7F15E3D11DCDBBD300BB082D /* Release */ = {
			isa = XCBuildConfiguration;
			baseConfigurationReference = C16A45E128C7FEB84EFB8DD8 /* Pods-simitracking.release.xcconfig */;
			buildSettings = {
				ALWAYS_EMBED_SWIFT_STANDARD_LIBRARIES = YES;
				ASSETCATALOG_COMPILER_APPICON_NAME = AppIcon;
				CLANG_ENABLE_MODULES = YES;
				CODE_SIGN_ENTITLEMENTS = simitracking/SimiTracking.entitlements;
				"CODE_SIGN_IDENTITY[sdk=iphoneos*]" = "iPhone Distribution";
				DEVELOPMENT_TEAM = Y4427S3SDN;
				INFOPLIST_FILE = simitracking/Info.plist;
				IPHONEOS_DEPLOYMENT_TARGET = 9.0;
				LD_RUNPATH_SEARCH_PATHS = "$(inherited) @executable_path/Frameworks";
				PRODUCT_BUNDLE_IDENTIFIER = com.simicart.tracking;
				PRODUCT_NAME = SimiTracking;
				PROVISIONING_PROFILE = "2ae5005d-df79-4ac3-b0a1-834535ac6208";
				PROVISIONING_PROFILE_SPECIFIER = MobileTracking;
				SWIFT_OBJC_BRIDGING_HEADER = "simitracking/SimiFramework/MMDrawerController/simitracking-Bridging-Header.h";
				SWIFT_VERSION = 3.0;
				TARGETED_DEVICE_FAMILY = "1,2";
			};
			name = Release;
		};
/* End XCBuildConfiguration section */

/* Begin XCConfigurationList section */
		7F15E3B81DCDBBD300BB082D /* Build configuration list for PBXProject "SimiTracking" */ = {
			isa = XCConfigurationList;
			buildConfigurations = (
				7F15E3CD1DCDBBD300BB082D /* Debug */,
				7F15E3CE1DCDBBD300BB082D /* Release */,
			);
			defaultConfigurationIsVisible = 0;
			defaultConfigurationName = Release;
		};
		7F15E3CF1DCDBBD300BB082D /* Build configuration list for PBXNativeTarget "simitracking" */ = {
			isa = XCConfigurationList;
			buildConfigurations = (
				7F15E3D01DCDBBD300BB082D /* Debug */,
				7F15E3D11DCDBBD300BB082D /* Release */,
			);
			defaultConfigurationIsVisible = 0;
			defaultConfigurationName = Release;
		};
/* End XCConfigurationList section */
	};
	rootObject = 7F15E3B51DCDBBD300BB082D /* Project object */;
}
